hash: c41a3297dbf12a6024489881323e642168418956258cab16915348729094a097
updated: 2017-10-26T14:55:19.89574-05:00
imports:
- name: git.torproject.org/pluggable-transports/goptlib.git
  version: a3ad5df6c9e7dc8117f55958b4ce99bf1e0fe291
- name: git.torproject.org/pluggable-transports/obfs4.git
  version: 97a875ec3c0afa629405c78e750d27e4e1f851ca
  subpackages:
  - common/csrand
  - common/drbg
  - common/ntor
  - common/probdist
  - common/replayfilter
  - transports/base
  - transports/obfs4
  - transports/obfs4/framing
- name: github.com/agl/ed25519
  version: 5312a61534124124185d41f09206b9fef1d88403
  subpackages:
  - edwards25519
  - extra25519
- name: github.com/aristanetworks/glog
  version: b0d951ca530387842f35331df6fd8d9b501d5f90
- name: github.com/aristanetworks/goarista
  version: aa6ce169f053a4951175ecedfdecdc1920abd9d3
  subpackages:
  - monotime
- name: github.com/armon/go-radix
  version: 1fca145dffbcaa8fe914309b1ec0cfc67500fe61
- name: github.com/blang/semver
  version: 2ee87856327ba09384cabd113bc6b5d174e9ec0f
- name: github.com/chzyer/readline
  version: 6a4bc7b4feaeff8feb63f87d5fb2cf3e3610a559
- name: github.com/cloudfoundry/gosigar
  version: 14c0a766933d517675369dae6f551f5c1a10f0d8
- name: github.com/codahale/hdrhistogram
  version: 3a0bb77429bd3a61596f5e8a3172445844342120
- name: github.com/davecgh/go-spew
  version: 04cdfd42973bb9c8589fd6a731800cf222fde1a9
  subpackages:
  - spew
- name: github.com/dchest/siphash
  version: 4ebf1de738443ea7f45f02dc394c4df1942a126d
- name: github.com/dustin/go-humanize
  version: 77ed807830b4df581417e7f89eb81d4872832b72
- name: github.com/elazarl/goproxy
  version: aacba83f36a55ac31cbb71c06547a328c0cd1604
- name: github.com/fatih/set
  version: 27c40922c40b43fe04554d8223a402af3ea333f3
- name: github.com/getlantern/appdir
  version: 659a155d06e8f3dd8b9f79d6147445897499b56b
- name: github.com/getlantern/autoupdate
  version: 5139f95ec3dd12536fd29939ba07ba6805f63d8f
- name: github.com/getlantern/balancer
  version: 70e3aff550185f805d2f40933c2bc8c29aefa28d
- name: github.com/getlantern/bandwidth
  version: 96de96fff16cf1aa844edc1b4a72c906add83180
- name: github.com/getlantern/borda
  version: 84de698fcc198edb239863a021f5772d3a5d00bb
  subpackages:
  - client
- name: github.com/getlantern/buuid
  version: 8f1445676cf4bd5e47dd8202e8afc85f3f80b8b3
- name: github.com/getlantern/bytecounting
  version: 4a7f76bdd5e28d1d72a8a8287927daeaa3316820
- name: github.com/getlantern/byteexec
  version: 4cfb26ec74f460fda433dc06fddfbad7ddee3072
- name: github.com/getlantern/bytemap
  version: ae8427dbf355130b32e5261c108917a630f7c36c
- name: github.com/getlantern/checkfallbacks
  version: 516c0a6997fda7de4e63c771ba6c7c67b1ace811
- name: github.com/getlantern/cmux
  version: ee58cae565e4f208c7eb59cb2e70acf2230a1d12
- name: github.com/getlantern/connpool
  version: d04ff90bba7bdee0d9627a687b79fb0cb407d001
- name: github.com/getlantern/context
  version: 624d99b1798d7c5375ea1d3ca4c5b04d58f7c775
- name: github.com/getlantern/deepcopy
  version: 7f45deb8130a0acc553242eb0e009e3f6f3d9ce3
- name: github.com/getlantern/detour
  version: 40ce261d3ba85a967570daa390627e5d0529baa0
- name: github.com/getlantern/dns
  version: 630ccc2c3041d6f4362479526ed229d222f21274
- name: github.com/getlantern/dnsgrab
  version: 227f729dcb41c2838b53575a48208d0b552ab6e8
- name: github.com/getlantern/easylist
  version: 1635650b3ed817f2bcc82cf42433eb309673fe53
- name: github.com/getlantern/edgedetect
  version: f58e865f680868c70f5d114b620b682a39fdaff7
- name: github.com/getlantern/elevate
  version: a1e4813b4e263a37d95b569a21cf5a2943acfd26
  subpackages:
  - bin
- name: github.com/getlantern/ema
  version: d906ee7c3465210c328abbe6ea0f855db9db679c
- name: github.com/getlantern/errors
  version: 99fa440517e8f3d1e4cd8d6dbed6b41f4c1ed3d6
- name: github.com/getlantern/event
  version: f16a5563f52e98643050fed10e7f279437a195ee
- name: github.com/getlantern/eventual
  version: 8a3a062ff1605f65e4d710e016c39bb69e91b6f8
- name: github.com/getlantern/fdcount
  version: 6a6cb5839bc58a0e32ff20b505a848516836145e
- name: github.com/getlantern/filepersist
  version: c5f0cd24e7991579ba6f5f1bd20a1ad2c9f06cd4
- name: github.com/getlantern/fronted
  version: 66967028a4bced9ce187289e88597125e4e933a5
- name: github.com/getlantern/geolookup
  version: 823d7ff3e6eb74dd6aae38a4b52207b19abfbf66
- name: github.com/getlantern/go-loggly
  version: d15e28ab7389ed5d644ccb891d9d54154e43cd27
- name: github.com/getlantern/go-socks5
  version: 5add0d960b64f018ad097e5e5a8eb24b3b4b4bc0
- name: github.com/getlantern/go-update
  version: d7c3f1ac97f868e6936ebd946df87f9826e57355
  subpackages:
  - check
  - download
- name: github.com/getlantern/goexpr
  version: 14f9f25038c8aeacad7093dc892c47b514a4ddc9
  subpackages:
  - geo
  - isp
  - redis
- name: github.com/getlantern/golog
  version: cca714f7feb5df8e455f409b549d384441ac4578
- name: github.com/getlantern/gowin
  version: 88fa116ddffcff84b63f35044e2a49f6bdde71b9
- name: github.com/getlantern/grtrack
  version: cbf67d3fa0fd7789243f89a5bc12e666fc8a7698
- name: github.com/getlantern/hex
  version: 083fba3033ad473db3dd31c9bb368473d37581a7
- name: github.com/getlantern/hidden
  version: d52a649ab33af200943bb599898dbdcfdbc94cb7
- name: github.com/getlantern/http-proxy
  version: c70d87222c28e17a679b94c1ec885fbf174f53df
  subpackages:
  - buffers
  - listeners
  - proxyfilters
  - server
- name: github.com/getlantern/http-proxy-lantern
  version: eb85aec6dab40e7140d4718f9ac27a39962bda8c
  subpackages:
  - analytics
  - bbr
  - blacklist
  - borda
  - common
  - configserverfilter
  - devicefilter
  - diffserv
  - geo
  - googlefilter
  - lampshade
  - listeners
  - mimic
  - obfs4listener
  - opsfilter
  - ping
  - redis
  - throttle
  - tlslistener
  - tokenfilter
  - usage
  - versioncheck
- name: github.com/getlantern/httpseverywhere
  version: dbb3401e2cd058a29e4d8d045ba6f69e5b905df7
- name: github.com/getlantern/i18n
  version: 293a8dd143490b99a1fb1ae28cf1d421f10f296f
- name: github.com/getlantern/idletiming
  version: 7a71d2e71cf253f64b9610ce7aa9ddfc58aa9b2a
- name: github.com/getlantern/iptool
  version: 8723ea29ea42bdb85682c242b8e803aa6f05c9db
- name: github.com/getlantern/jibber_jabber
  version: 7346f98d2644252b9fc10b89af1f1858b2dc29b9
- name: github.com/getlantern/kcp-go
  version: 19559e0e938cb2af45ae30765c109f821da19b33
- name: github.com/getlantern/kcpwrapper
  version: fce6a30ae8fc58a72d18c0f8a1006bfd11516828
- name: github.com/getlantern/keyman
  version: 9d65bff0c88a85449195d54c38322e254b2ac34b
  subpackages:
  - certimporter
- name: github.com/getlantern/lampshade
  version: 7c03c31cd4edfc0e521b14986d96f4ac30c15ddc
- name: github.com/getlantern/launcher
  version: bc9fc3b11894e839c3fcb049f12e8974d7e48497
- name: github.com/getlantern/measured
  version: 0582bf799783fba9a890459155817f1cbcf00f17
- name: github.com/getlantern/mockconn
  version: 422a5afd4432dd82b1389333d5352da003d898a6
- name: github.com/getlantern/msgpack
  version: 922e6dcf94043edab4e690df4aa2016117f92fb7
  subpackages:
  - codes
- name: github.com/getlantern/mtime
  version: ba114e4a82b0d453c15c505073a5896453b5cbd2
- name: github.com/getlantern/netx
  version: 06a8a15aede91b4274bb0272108e16a4eabeca19
- name: github.com/getlantern/notifier
  version: 9d71672e9d5d137e06fffc4ac957565cd90a628f
  subpackages:
  - osx
  - win
- name: github.com/getlantern/ops
  version: 37353306c90844c8e0591956f56611f46299d202
- name: github.com/getlantern/osversion
  version: 85558016e148568fbb953458cc0313dd10153674
- name: github.com/getlantern/pathreflect
  version: b02f4864048a236150ca17c2c526158f2b3133c4
- name: github.com/getlantern/preconn
  version: 9d78068db81b714e7612e5d43030ee2e1ce6c49a
- name: github.com/getlantern/profiling
  version: 2a15afbadcff99bac017e17af273b31d4510ddb8
- name: github.com/getlantern/protected
  version: 46a4535780d2058e957142b6346b5e9cc26dfc19
- name: github.com/getlantern/proxiedsites
  version: 996122c1374578a85a536445d7d7ae88d3ee5a35
- name: github.com/getlantern/proxy
  version: 7ac775cc1f5371cbf5fda6c9c987e7d49d1d4ba6
  subpackages:
  - filters
- name: github.com/getlantern/mitm
  version: 76ff3d6239e2ccf4d7a3e517dc0368c95bc2a618
- name: github.com/getlantern/proxybench
  version: 17bb0a4ec068dec779b85b87e06b01607a8ce8bd
- name: github.com/getlantern/redis
  version: 5e698a687bd9581c17d3b06be34aa5afdec98640
- name: github.com/getlantern/rot13
  version: 33f93fc1fe85c042c0667a1814e6379bd5e7eb40
- name: github.com/getlantern/rotator
  version: 013d4f8e36a2f6369b2435d89866056b5b74c69e
- name: github.com/getlantern/shortcut
  version: 08ded803cb4dbc6f4149ab0091847248f8976f57
- name: github.com/getlantern/sqlparser
  version: a879d8035f3cd754fdda965da8305bb9d04ec439
  subpackages:
  - dependency/bson
  - dependency/bytes2
  - dependency/hack
  - dependency/sqltypes
- name: github.com/getlantern/stack
  version: 02f928aad224fbccd50d66edd776fc9d1e9f2f2b
- name: github.com/getlantern/sysproxy
  version: 2494eaf8b5437eba8778c45862e7d1ab84e9c2fc
- name: github.com/getlantern/systray
  version: fc8e01480deb4dc92e7f13151536a9678520ff42
- name: github.com/getlantern/tarfs
  version: 4987a6195239168b073bbe5878cf2b95b522934c
- name: github.com/getlantern/tlsdefaults
  version: cf35cfd0b1b460b031536c9846ffcd5f7811dddb
- name: github.com/getlantern/tlsdialer
  version: 275d735df0fe7c62ef2020c26212a2edd84d46e7
- name: github.com/getlantern/urlcache
  version: d5aa446253570bfba3e15186c05464b9646d92af
- name: github.com/getlantern/uuid
  version: 1318e7614b82cd38041b0b0bd3692d71f3901fb8
- name: github.com/getlantern/vtime
  version: dc1e573cf9918131774034baa8eade77ef901ea3
- name: github.com/getlantern/waitforserver
  version: 381a5878bd8ecb7001c361f2d5dcc3358460aa3e
- name: github.com/getlantern/wal
  version: b17dbdbead93a94e64755a23855663cd8ff194d5
- name: github.com/getlantern/wfilter
  version: 69cc8585ee9c5b4e0b55110ea2c219921f954ba3
- name: github.com/getlantern/winsvc
  version: 8bb3a5dbcc1dd85fbb701d3dc316bf5cc3d02689
  subpackages:
  - winapi
- name: github.com/getlantern/withtimeout
  version: 511f017cd91361be75ad73fee96e466a5d790312
- name: github.com/getlantern/yaml
  version: 97d86b60f57eeca9d70c02763ed2565bafc17585
- name: github.com/getlantern/zenodb
  version: 705c495333ae5d36c94da243836d4b5833c6630b
  subpackages:
  - bytetree
  - common
  - core
  - encoding
  - expr
  - planner
  - rpc
  - sql
- name: github.com/golang/glog
  version: 23def4e6c14b4da8ac2ed8007337bc5eb5007998
- name: github.com/golang/groupcache
  version: b710c8433bd175204919eb38776e944233235d03
  subpackages:
  - lru
- name: github.com/golang/mock
  version: 61503c535dc549c7ffc1ff07902345658a0f20a2
  subpackages:
  - gomock
- name: github.com/golang/protobuf
  version: 1643683e1b54a9e88ad26d98f81400c8c9d9f4f9
  subpackages:
  - proto
  - ptypes
  - ptypes/any
  - ptypes/duration
  - ptypes/timestamp
- name: github.com/golang/snappy
  version: 553a641470496b2327abcac10b36396bd98e45c9
- name: github.com/gorilla/context
  version: 08b5f424b9271eedf6f9f0ce86cb9396ed337a42
- name: github.com/gorilla/mux
  version: 7625a85c14e615274a4ee4bc8654f72310a563e4
- name: github.com/gorilla/securecookie
  version: e59506cc896acb7f7bf732d4fdf5e25f7ccd8983
- name: github.com/gorilla/websocket
  version: 71fa72d4842364bc5f74185f4161e0099ea3624a
- name: github.com/hashicorp/golang-lru
  version: 0a025b7e63adc15a622f29b0b2c4c3848243bbf6
  subpackages:
  - simplelru
- name: github.com/inconshreveable/go-vhost
  version: 06d84117953b22058c096b49a429ebd4f3d3d97b
- name: github.com/kardianos/osext
  version: ae77be60afb1dcacde03767a8c37337fad28ac14
- name: github.com/keighl/mandrill
  version: 5d7133fb578a9504f8ab549737c993422f65a000
- name: github.com/klauspost/cpuid
  version: ae7887de9fa5d2db4eaa8174a7eff2c1ac00f2da
- name: github.com/klauspost/crc32
  version: bab58d77464aa9cf4e84200c3276da0831fe0c03
- name: github.com/klauspost/reedsolomon
  version: 6bb6130ff6a76a904c1841707d65603aec9cc288
- name: github.com/kr/binarydist
  version: 3035450ff8b987ec4373f65c40767f096b35f2d2
- name: github.com/mailgun/multibuf
  version: 565402cd71fbd9c12aa7e295324ea357e970a61e
- name: github.com/mailgun/oxy
  version: d04b87a836cff74fd8e9d2ae8cf4cda09910d000
  subpackages:
  - forward
- name: github.com/mailgun/timetools
  version: f3a7b8ffff474320c4f5cc564c9abb2c52ded8bc
- name: github.com/mailgun/ttlmap
  version: c1c17f74874f2a5ea48bfb06b5459d4ef2689749
- name: github.com/miekg/dns
  version: 822ae18e7187e1bbde923a37081f6c1b8e9ba68a
  subpackages:
  - internal/socket
- name: github.com/mitchellh/mapstructure
  version: 06020f85339e21b2478f756a78e295255ffa4d6a
- name: github.com/mitchellh/panicwrap
  version: fce601fe55579125e1b3cb0b992287e7290f7b83
- name: github.com/mxk/go-flowrate
  version: cca7078d478f8520f85629ad7c68962d31ed7682
  subpackages:
  - flowrate
- name: github.com/openconfig/reference
  version: afb738f18f7459ea3dc99fb267ee479724007746
  subpackages:
  - rpc/gnmi
  - rpc/openconfig
- name: github.com/oschwald/geoip2-golang
  version: 5b1dc16861f81d05d9836bb21c2d0d65282fc0b8
- name: github.com/oschwald/maxminddb-golang
  version: 26fe5ace1c706491c2936119e1dc69c1a9c04d7f
- name: github.com/oxtoacart/bpool
  version: 4e1c5567d7c2dd59fa4c7c83d34c2f3528b025d6
- name: github.com/oxtoacart/emsort
  version: e467347e335434365584bc76ce22b8d23190da6e
- name: github.com/pkg/errors
  version: f15c970de5b76fac0b59abb32d62c17cc7bed265
- name: github.com/pmezard/adblock
  version: 29c53dd9e3bcee4e9162f84047266994562d06a0
  subpackages:
  - adblock
- name: github.com/rcrowley/go-metrics
  version: 1f30fe9094a513ce4c700b9a54458bbb0c96996c
- name: github.com/retailnext/hllpp
  version: 6e8b6d394466a6f3719bcd7f14988bbfb02ff087
- name: github.com/rickar/props
  version: 0b06aeb2f03788f2d5c2ec1c87168567b08bfb89
- name: github.com/shirou/gopsutil
  version: d371ba1293cb48fedc6850526ea48b3846c54f2c
  subpackages:
  - process
- name: github.com/Shopify/sarama
  version: 0fb560e5f7fbcaee2f75e3c34174320709f69944
- name: github.com/skratchdot/open-golang
  version: 75fb7ed4208cf72d323d7d02fd1a5964a7a9073c
  subpackages:
  - open
- name: github.com/spaolacci/murmur3
  version: 9f5d223c60793748f04a9d5b4b4eacddfc1f755d
- name: github.com/stathat/go
  version: 74669b9f388d9d788c97399a0824adbfee78400e
- name: github.com/streamrail/uap-go
  version: fc68dc24b3778d09cd2455113e9fe5194355c151
  subpackages:
  - uaparser
- name: github.com/stripe/stripe-go
  version: 3cb5b5a4024ec6ee09f563687c434dd85ee89b63
  subpackages:
  - form
  - orderitem
  - token
- name: github.com/templexxx/cpufeat
  version: 3794dfbfb04749f896b521032f69383f24c3687e
- name: github.com/templexxx/reedsolomon
  version: 7092926d7d05c415fabb892b1464a03f8228ab80
- name: github.com/templexxx/xor
  version: 0af8e873c554da75f37f2049cdffda804533d44c
- name: github.com/tevino/abool
  version: 9b9efcf221b50905aab9bbabd3daed56dc10f339
- name: github.com/tjfoc/gmsm
  version: 9d99face20b0dd300b7db50b3f69758de41c096a
  subpackages:
  - sm4
- name: github.com/ua-parser/uap-go
  version: 64b1ab213fd92f19f9e8ce5c3d9a70000f5adad0
  subpackages:
  - uaparser
- name: github.com/vharitonsky/iniflags
  version: e586d5c5197c636313580bf6eb2f54522bd65147
- name: github.com/vulcand/oxy
  version: d04b87a836cff74fd8e9d2ae8cf4cda09910d000
  subpackages:
  - utils
- name: github.com/vulcand/predicate
  version: 939c094524d124c55fa8afe0e077701db4a865e2
- name: github.com/Workiva/go-datastructures
  version: e47d01bc9eaf75e75e0f250e221dcb7533c7a1b8
  subpackages:
  - trie/yfast
- name: github.com/xtaci/smux
  version: ebec7ef2574b42a7088cd7751176483e0a27d458
- name: github.com/xwb1989/sqlparser
  version: 2aa132b0cf719e2ed774cbe23342a4604357a01e
  subpackages:
  - dependency/hack
- name: github.com/Yawning/chacha20
  version: e3b1f968fc6397b51d963fee8ec8711a47bc0ce8
- name: golang.org/x/crypto
  version: 2509b142fb2b797aa7587dad548f113b2c0f20ce
  subpackages:
  - blowfish
  - cast5
  - chacha20poly1305
  - chacha20poly1305/internal/chacha20
  - curve25519
  - hkdf
  - nacl/secretbox
  - pbkdf2
  - poly1305
  - salsa20
  - salsa20/salsa
  - ssh/terminal
  - tea
  - twofish
  - xtea
- name: golang.org/x/net
  version: 4b14673ba32bee7f5ac0f990a48f033919fd418b
  repo: https://github.com/golang/net
  vcs: git
  subpackages:
  - bpf
  - context
  - http2
  - http2/hpack
  - idna
  - internal/iana
  - internal/socket
  - internal/timeseries
  - ipv4
  - lex/httplex
  - proxy
  - trace
- name: golang.org/x/oauth2
  version: bb50c06baba3d0c76f9d125c0719093e315b5b44
  subpackages:
  - google
  - jwt
- name: golang.org/x/sys
  version: 3e3646d2c706c21b222a5dbcaa6db12b3e0cc765
  repo: https://github.com/golang/sys
  vcs: git
  subpackages:
  - unix
  - windows
- name: golang.org/x/text
  version: 6eab0e8f74e86c598ec3b6fad4888e0c11482d48
  subpackages:
  - encoding
  - encoding/charmap
  - encoding/htmlindex
  - secure/bidirule
  - transform
  - unicode/bidi
  - unicode/norm
- name: google.golang.org/appengine
  version: a2e0dc829727a4f957a7428b1f322805cfc1f362
  subpackages:
  - datastore
  - internal
  - internal/app_identity
  - internal/base
  - internal/datastore
  - internal/log
  - internal/modules
  - internal/remote_api
- name: google.golang.org/genproto
  version: f676e0f3ac6395ff1a529ae59a6670878a8371a6
  subpackages:
  - googleapis/rpc/status
- name: google.golang.org/grpc
  version: 0d399e6307b06024368bb2624572e1271c6eda3d
  subpackages:
  - balancer
  - balancer/roundrobin
  - codes
  - connectivity
  - credentials
  - grpclb/grpc_lb_v1/messages
  - grpclog
  - internal
  - keepalive
  - metadata
  - naming
  - peer
  - resolver
  - resolver/dns
  - resolver/passthrough
  - stats
  - status
  - tap
  - transport
- name: gopkg.in/gemnasium/logrus-airbrake-hook.v2
  version: bfee1239d796830ca346767650cce5ba90d58c57
- name: gopkg.in/redis.v4
  version: c938162545c57136fa59879746bc65d0f1db3d1e
- name: gopkg.in/redis.v5
  version: a16aeec10ff407b1e7be6dd35797ccf5426ef0f0
  subpackages:
  - internal
  - internal/consistenthash
  - internal/hashtag
  - internal/pool
  - internal/proto
- name: gopkg.in/yaml.v2
  version: eb3733d160e74a9c7e442f435eb3bea458e1d19f
testImports:
- name: github.com/getlantern/bbrconn
  version: 9a5594c63329cf77582eccae41a8a75240a078fe
- name: github.com/getlantern/httptest
  version: 4b40f4c7e590b2afa94729ca7f738e0b14b13749
- name: github.com/getlantern/tcpinfo
  version: c475b171ec955019a7906187bf6f4011d7d791fe
- name: github.com/getlantern/tlsredis
  version: e14f04c41d2ecdeebd3481c0dbfa5c21c8666973
- name: github.com/gonum/blas
  version: 37e82626499e1df7c54aeaba0959fd6e7e8dc1e4
  subpackages:
  - blas64
  - native
  - native/internal/math32
- name: github.com/gonum/floats
  version: f74b330d45c56584a6ea7a27f5c64ea2900631e9
- name: github.com/gonum/internal
  version: e57e4534cf9b3b00ef6c0175f59d8d2d34f60914
  subpackages:
  - asm/f32
  - asm/f64
- name: github.com/gonum/lapack
  version: 5ed4b826becd1807e09377508f51756586d1a98c
  subpackages:
  - lapack64
  - native
- name: github.com/gonum/matrix
  version: dd6034299e4242c9f0ea36735e6d4264dfcb3f9f
  subpackages:
  - mat64
- name: github.com/gonum/stat
  version: 40602ac931a7ab7f72cb1eff5ce1753a2d28d345
- name: github.com/mikioh/tcp
  version: f1d847c4c06bbfeabd47636817e2c8095f1340db
- name: github.com/mikioh/tcpopt
  version: 032b8eaf3844912fda93bef6ae3c6a27aacc160a
- name: github.com/pborman/uuid
  version: e790cca94e6cc75c7064b1332e63811d4aae1a53
- name: github.com/pmezard/go-difflib
  version: d8ed2627bdf02c080bf22230dbb337003b7aba2d
  subpackages:
  - difflib
- name: github.com/sirupsen/logrus
  version: 89742aefa4b206dcf400792f3bd35b542998eb3b
- name: github.com/stretchr/testify
  version: 2aa2c176b9dab406a6970f6a55f513e8a8c8b18f
  subpackages:
  - assert
