hash: c2b22eb6f34594677cfc87739f1018bdc0862e0912f8a6ad8ac53d26feae6132
updated: 2017-06-30T12:55:22.102661831-07:00
imports:
- name: git.torproject.org/pluggable-transports/goptlib.git
  version: a3ad5df6c9e7dc8117f55958b4ce99bf1e0fe291
- name: git.torproject.org/pluggable-transports/obfs4.git
  version: 97a875ec3c0afa629405c78e750d27e4e1f851ca
  subpackages:
  - common/csrand
  - common/drbg
  - common/ntor
  - common/probdist
  - common/replayfilter
  - transports/base
  - transports/obfs4
  - transports/obfs4/framing
- name: github.com/agl/ed25519
  version: 5312a61534124124185d41f09206b9fef1d88403
  subpackages:
  - edwards25519
  - extra25519
- name: github.com/aristanetworks/glog
  version: b0d951ca530387842f35331df6fd8d9b501d5f90
- name: github.com/aristanetworks/goarista
  version: 6c446722131a3182ce8d354a85816742fd61a838
  subpackages:
  - monotime
- name: github.com/armon/go-radix
  version: 4239b77079c7b5d1243b7b4736304ce8ddb6f0f2
- name: github.com/blang/semver
  version: 4a1e882c79dcf4ec00d2e29fac74b9c8938d5052
- name: github.com/chzyer/readline
  version: 41eea22f717c616615e1e59aa06cf831f9901f35
- name: github.com/cloudfoundry/gosigar
  version: d9ee2f6269aeeed93de1cb3ed3ea03b80e82221e
- name: github.com/codahale/hdrhistogram
  version: 3a0bb77429bd3a61596f5e8a3172445844342120
- name: github.com/davecgh/go-spew
  version: 782f4967f2dc4564575ca782fe2d04090b5faca8
  subpackages:
  - spew
- name: github.com/dchest/siphash
  version: 4ebf1de738443ea7f45f02dc394c4df1942a126d
- name: github.com/dustin/go-humanize
  version: 259d2a102b871d17f30e3cd9881a642961a1e486
- name: github.com/elazarl/goproxy
  version: aacba83f36a55ac31cbb71c06547a328c0cd1604
- name: github.com/fatih/set
  version: 27c40922c40b43fe04554d8223a402af3ea333f3
- name: github.com/getlantern/appdir
  version: 659a155d06e8f3dd8b9f79d6147445897499b56b
- name: github.com/getlantern/autoupdate
  version: 5139f95ec3dd12536fd29939ba07ba6805f63d8f
- name: github.com/getlantern/balancer
  version: 70e3aff550185f805d2f40933c2bc8c29aefa28d
- name: github.com/getlantern/bandwidth
  version: 96de96fff16cf1aa844edc1b4a72c906add83180
- name: github.com/getlantern/borda
  version: a403db1cf05357ecd2c4f6a0c4697fcc33b850e1
  subpackages:
  - client
- name: github.com/getlantern/buuid
  version: 8f1445676cf4bd5e47dd8202e8afc85f3f80b8b3
- name: github.com/getlantern/bytecounting
  version: 4a7f76bdd5e28d1d72a8a8287927daeaa3316820
- name: github.com/getlantern/byteexec
  version: 4cfb26ec74f460fda433dc06fddfbad7ddee3072
- name: github.com/getlantern/bytemap
  version: 807aefefeb0978ae9572ddfe7ec99b68f3da03e2
- name: github.com/getlantern/checkfallbacks
  version: 3385ad6fdaa9d883c34cc5ee31eeae098ea61e6d
- name: github.com/getlantern/connpool
  version: d04ff90bba7bdee0d9627a687b79fb0cb407d001
- name: github.com/getlantern/context
  version: 624d99b1798d7c5375ea1d3ca4c5b04d58f7c775
- name: github.com/getlantern/deepcopy
  version: 7f45deb8130a0acc553242eb0e009e3f6f3d9ce3
- name: github.com/getlantern/detour
  version: 6f6bfa0e54bfa66c7b231c4dfa0bcaf08fca5f7a
- name: github.com/getlantern/easylist
  version: 1635650b3ed817f2bcc82cf42433eb309673fe53
- name: github.com/getlantern/edgedetect
  version: f58e865f680868c70f5d114b620b682a39fdaff7
- name: github.com/getlantern/elevate
  version: a1e4813b4e263a37d95b569a21cf5a2943acfd26
  subpackages:
  - bin
- name: github.com/getlantern/ema
  version: d906ee7c3465210c328abbe6ea0f855db9db679c
- name: github.com/getlantern/errors
  version: 99fa440517e8f3d1e4cd8d6dbed6b41f4c1ed3d6
- name: github.com/getlantern/eventual
  version: 8a3a062ff1605f65e4d710e016c39bb69e91b6f8
- name: github.com/getlantern/fdcount
  version: 6a6cb5839bc58a0e32ff20b505a848516836145e
- name: github.com/getlantern/filepersist
  version: c5f0cd24e7991579ba6f5f1bd20a1ad2c9f06cd4
- name: github.com/getlantern/fronted
  version: e380c024c455fb2fd96ceae0857f1f41dd0c582d
- name: github.com/getlantern/geolookup
  version: 823d7ff3e6eb74dd6aae38a4b52207b19abfbf66
- name: github.com/getlantern/go-loggly
  version: d15e28ab7389ed5d644ccb891d9d54154e43cd27
- name: github.com/getlantern/go-socks5
  version: 84bc9224d653efa66ce1f5f01097b9d38fcc3f34
- name: github.com/getlantern/go-update
  version: d7c3f1ac97f868e6936ebd946df87f9826e57355
  subpackages:
  - check
  - download
- name: github.com/getlantern/goexpr
  version: fe2ff14f1ca2649a1c4e250aacc4a055d84be508
  subpackages:
  - geo
  - isp
  - redis
- name: github.com/getlantern/golog
  version: cca714f7feb5df8e455f409b549d384441ac4578
- name: github.com/getlantern/gowin
  version: 88fa116ddffcff84b63f35044e2a49f6bdde71b9
- name: github.com/getlantern/grtrack
  version: cbf67d3fa0fd7789243f89a5bc12e666fc8a7698
- name: github.com/getlantern/hex
  version: 083fba3033ad473db3dd31c9bb368473d37581a7
- name: github.com/getlantern/hidden
  version: d52a649ab33af200943bb599898dbdcfdbc94cb7
- name: github.com/getlantern/http-proxy
  version: ec5810616467f60356cbca25ed5a120fe40aed65
- name: github.com/getlantern/http-proxy-lantern
  version: 1e0c377bb96878307b1dc13aa01e798758e55509
- name: github.com/getlantern/httpseverywhere
  version: b1d8887aaf3b03b9c2eb1ce90a641495a200c7bf
- name: github.com/getlantern/i18n
  version: 931e337788965f3dfafa20fa793242c2cacd5b09
- name: github.com/getlantern/idletiming
  version: 7a71d2e71cf253f64b9610ce7aa9ddfc58aa9b2a
- name: github.com/getlantern/iptool
  version: 8723ea29ea42bdb85682c242b8e803aa6f05c9db
- name: github.com/getlantern/jibber_jabber
  version: 7346f98d2644252b9fc10b89af1f1858b2dc29b9
- name: github.com/getlantern/keyman
  version: 92cbbdcae453b5e6cff5fed4d51c0780111b0715
  subpackages:
  - certimporter
- name: github.com/getlantern/lampshade
  version: 2c40d2cb59bd452b4e55af9ba7462bbafded35a1
- name: github.com/getlantern/launcher
  version: bc9fc3b11894e839c3fcb049f12e8974d7e48497
- name: github.com/getlantern/measured
  version: 0582bf799783fba9a890459155817f1cbcf00f17
- name: github.com/getlantern/mockconn
  version: 422a5afd4432dd82b1389333d5352da003d898a6
- name: github.com/getlantern/mtime
  version: ba114e4a82b0d453c15c505073a5896453b5cbd2
- name: github.com/getlantern/netx
  version: c704f69db48c8406d722f6e9ea9b0ad266975fe6
- name: github.com/getlantern/notifier
  version: 9d71672e9d5d137e06fffc4ac957565cd90a628f
  subpackages:
  - osx
  - win
- name: github.com/getlantern/ops
  version: d9c5d09356894d6f942b7c17e4bc2f93b201e479
- name: github.com/getlantern/osversion
  version: fabe6e5a4717c2cd2fee0036b24b25aee563aa5c
- name: github.com/getlantern/pathreflect
  version: b02f4864048a236150ca17c2c526158f2b3133c4
- name: github.com/getlantern/profiling
  version: 2a15afbadcff99bac017e17af273b31d4510ddb8
- name: github.com/getlantern/protected
  version: 4afd1fdc46cb36bf428ed91707db063de87ecff5
- name: github.com/getlantern/proxiedsites
  version: 996122c1374578a85a536445d7d7ae88d3ee5a35
- name: github.com/getlantern/proxy
  version: 7761ad9445c0af93ed10ad8b1a1295ff0a4a2695
- name: github.com/getlantern/proxybench
  version: 5b3bd1c06980376052721879e14d5178ef98ec65
- name: github.com/getlantern/redis
  version: 5e698a687bd9581c17d3b06be34aa5afdec98640
- name: github.com/getlantern/rot13
  version: 33f93fc1fe85c042c0667a1814e6379bd5e7eb40
- name: github.com/getlantern/rotator
  version: 013d4f8e36a2f6369b2435d89866056b5b74c69e
- name: github.com/getlantern/shortcut
  version: 08ded803cb4dbc6f4149ab0091847248f8976f57
- name: github.com/getlantern/sqlparser
  version: 57225f75cf94afde1b3a886b6376c7e5f0aef240
- name: github.com/getlantern/stack
  version: 02f928aad224fbccd50d66edd776fc9d1e9f2f2b
- name: github.com/getlantern/sysproxy
  version: 1d42f56cc2f72f41056932f6f8a5c8a22d4a06d4
- name: github.com/getlantern/systray
  version: 66e6fad5eea92d7adda31abfae7a5a52070dfae5
- name: github.com/getlantern/tarfs
  version: d77b63c04dbe74646c5f8f46c5c1e5523ef22415
- name: github.com/getlantern/tlsdefaults
  version: 55d0dd468a195a4c8cb99ee0c1a2878cb7e72155
- name: github.com/getlantern/tlsdialer
  version: b4d0a731957c4658f2e281e1ae8653781719a55b
- name: github.com/getlantern/urlcache
  version: cf9a7866aa8239f7cc71a098bed5e3bc08fbd5bb
- name: github.com/getlantern/uuid
  version: 1318e7614b82cd38041b0b0bd3692d71f3901fb8
- name: github.com/getlantern/vtime
  version: dc1e573cf9918131774034baa8eade77ef901ea3
- name: github.com/getlantern/waitforserver
  version: 381a5878bd8ecb7001c361f2d5dcc3358460aa3e
- name: github.com/getlantern/wal
  version: b17dbdbead93a94e64755a23855663cd8ff194d5
- name: github.com/getlantern/wfilter
  version: 69cc8585ee9c5b4e0b55110ea2c219921f954ba3
- name: github.com/getlantern/winsvc
  version: 8bb3a5dbcc1dd85fbb701d3dc316bf5cc3d02689
  subpackages:
  - winapi
- name: github.com/getlantern/withtimeout
  version: 511f017cd91361be75ad73fee96e466a5d790312
- name: github.com/getlantern/yaml
  version: 97d86b60f57eeca9d70c02763ed2565bafc17585
- name: github.com/getlantern/zenodb
  version: dde0dea64ee088d6107a4ec6dfd6de6c2ad38faf
  subpackages:
  - bytetree
  - common
  - core
  - encoding
  - expr
  - planner
  - rpc
  - sql
- name: github.com/golang/glog
  version: 23def4e6c14b4da8ac2ed8007337bc5eb5007998
- name: github.com/golang/groupcache
  version: b710c8433bd175204919eb38776e944233235d03
  subpackages:
  - lru
- name: github.com/golang/mock
  version: 93f6609a15b7de76bd49259f1f9a6b58df358936
  subpackages:
  - gomock
- name: github.com/golang/protobuf
  version: 6a1fa9404c0aebf36c879bc50152edcc953910d2
  subpackages:
  - proto
  - ptypes/any
- name: github.com/golang/snappy
  version: 553a641470496b2327abcac10b36396bd98e45c9
- name: github.com/gorilla/context
  version: 08b5f424b9271eedf6f9f0ce86cb9396ed337a42
- name: github.com/gorilla/mux
  version: 8c683ee571b6ee7ffc9f1cafd13103c422e71cbf
- name: github.com/gorilla/securecookie
  version: e59506cc896acb7f7bf732d4fdf5e25f7ccd8983
- name: github.com/gorilla/websocket
  version: ea4d1f681babbce9545c9c5f3d5194a789c89f5b
- name: github.com/hashicorp/golang-lru
  version: 0a025b7e63adc15a622f29b0b2c4c3848243bbf6
  subpackages:
  - simplelru
- name: github.com/inconshreveable/go-vhost
  version: 06d84117953b22058c096b49a429ebd4f3d3d97b
- name: github.com/kardianos/osext
  version: ae77be60afb1dcacde03767a8c37337fad28ac14
- name: github.com/keighl/mandrill
  version: 5d7133fb578a9504f8ab549737c993422f65a000
- name: github.com/klauspost/cpuid
  version: 09cded8978dc9e80714c4d85b0322337b0a1e5e0
- name: github.com/klauspost/crc32
  version: bab58d77464aa9cf4e84200c3276da0831fe0c03
- name: github.com/klauspost/reedsolomon
  version: 18d548df635f0d2c5c0e6bfc500d425ba1859403
- name: github.com/kr/binarydist
  version: 3035450ff8b987ec4373f65c40767f096b35f2d2
- name: github.com/mailgun/multibuf
  version: 565402cd71fbd9c12aa7e295324ea357e970a61e
- name: github.com/mailgun/oxy
  version: 77cbabd3c3e8d8f236b5327281eda4a0533251d3
  subpackages:
  - forward
- name: github.com/mailgun/timetools
  version: f3a7b8ffff474320c4f5cc564c9abb2c52ded8bc
- name: github.com/mailgun/ttlmap
  version: c1c17f74874f2a5ea48bfb06b5459d4ef2689749
- name: github.com/miekg/dns
  version: e46719b2fef404d2e531c0dd9055b1c95ff01e2e
- name: github.com/mitchellh/panicwrap
  version: fce601fe55579125e1b3cb0b992287e7290f7b83
- name: github.com/mxk/go-flowrate
  version: cca7078d478f8520f85629ad7c68962d31ed7682
  subpackages:
  - flowrate
- name: github.com/openconfig/reference
  version: 4c8ef3bfe834389d76f3a357341b3e19aa77275d
  subpackages:
  - rpc/gnmi
  - rpc/openconfig
- name: github.com/oschwald/geoip2-golang
  version: 5b1dc16861f81d05d9836bb21c2d0d65282fc0b8
- name: github.com/oschwald/maxminddb-golang
  version: d19f6d453e836d12ee8fe895d0494421e93ef8c1
- name: github.com/oxtoacart/bpool
  version: 4e1c5567d7c2dd59fa4c7c83d34c2f3528b025d6
- name: github.com/oxtoacart/emsort
  version: e467347e335434365584bc76ce22b8d23190da6e
- name: github.com/pkg/errors
  version: c605e284fe17294bda444b34710735b29d1a9d90
- name: github.com/pmezard/adblock
  version: 7fe7ba573ef79b8c45d307526fd8ab6ab47772c9
  subpackages:
  - adblock
- name: github.com/rcrowley/go-metrics
  version: 1f30fe9094a513ce4c700b9a54458bbb0c96996c
- name: github.com/retailnext/hllpp
  version: 9fdfea05b3e55bebe7beb22d16c7db15d46cd518
- name: github.com/rickar/props
  version: c68a002e87c1dca1be6eebaf289dfe56db65c87e
- name: github.com/shirou/gopsutil
  version: d371ba1293cb48fedc6850526ea48b3846c54f2c
  subpackages:
  - process
- name: github.com/Shopify/sarama
  version: 0fb560e5f7fbcaee2f75e3c34174320709f69944
- name: github.com/Sirupsen/logrus
  version: 7dd06bf38e1e13df288d471a57d5adbac106be9e
- name: github.com/skratchdot/open-golang
  version: 75fb7ed4208cf72d323d7d02fd1a5964a7a9073c
  subpackages:
  - open
- name: github.com/spaolacci/murmur3
  version: 0d12bf811670bf6a1a63828dfbd003eded177fce
- name: github.com/stathat/go
  version: 74669b9f388d9d788c97399a0824adbfee78400e
- name: github.com/streamrail/uap-go
  version: fc68dc24b3778d09cd2455113e9fe5194355c151
  subpackages:
  - uaparser
- name: github.com/stripe/stripe-go
  version: 250fb5fdb3e4001e3388f6410f648ea178b3262e
  subpackages:
  - orderitem
  - token
- name: github.com/ua-parser/uap-go
  version: e0b1fe757c944e839263af90b3c74b76d816558e
  subpackages:
  - uaparser
- name: github.com/vharitonsky/iniflags
  version: 643132d9585eb6cfdf0dd4d6651a0a94c729094c
- name: github.com/vulcand/oxy
  version: 77cbabd3c3e8d8f236b5327281eda4a0533251d3
  subpackages:
  - utils
- name: github.com/vulcand/predicate
  version: 19b9dde14240d94c804ae5736ad0e1de10bf8fe6
- name: github.com/Workiva/go-datastructures
  version: 01ff43b05e5593e6e41f5988797126402611e2d7
  subpackages:
  - trie/yfast
- name: github.com/xtaci/kcp-go
  version: ecbba09f83427b7fefe2e9f9c394f6d92827e1a6
- name: github.com/xwb1989/sqlparser
  version: a9cdf22bd561e715bba34ee228cb1c06bfa2719c
  subpackages:
  - dependency/bson
  - dependency/bytes2
  - dependency/hack
  - dependency/sqltypes
- name: github.com/Yawning/chacha20
  version: 70289bb2131350877f4b969b94ac4cf22eef9aa1
- name: golang.org/x/crypto
  version: 5ef0053f77724838734b6945dd364d3847e5de1d
  subpackages:
  - chacha20poly1305
  - chacha20poly1305/internal/chacha20
  - curve25519
  - hkdf
  - nacl/secretbox
  - poly1305
  - salsa20/salsa
- name: golang.org/x/net
  version: 1f9224279e98554b6a6432d4dd998a739f8b2b7c
  repo: https://github.com/golang/net
  vcs: git
  subpackages:
  - bpf
  - context
  - http2
  - http2/hpack
  - idna
  - internal/iana
  - internal/socket
  - internal/timeseries
  - ipv4
  - lex/httplex
  - proxy
  - trace
- name: golang.org/x/oauth2
  version: cce311a261e6fcf29de72ca96827bdb0b7d9c9e6
  subpackages:
  - google
  - jwt
- name: golang.org/x/sys
  version: 4ed4d404df456f81e878683a0363ed3013a59003
  repo: https://github.com/golang/sys
  vcs: git
  subpackages:
  - unix
  - windows
- name: golang.org/x/text
  version: 2bf8f2a19ec09c670e931282edfe6567f6be21c9
  subpackages:
  - encoding
  - encoding/charmap
  - encoding/htmlindex
  - secure/bidirule
  - transform
  - unicode/bidi
  - unicode/norm
- name: google.golang.org/appengine
  version: a2f4131514e563cedfdb6e7d267df9ad48591e93
  subpackages:
  - datastore
  - internal
  - internal/app_identity
  - internal/base
  - internal/datastore
  - internal/log
  - internal/modules
  - internal/remote_api
- name: google.golang.org/genproto
  version: aa2eb687b4d3e17154372564ad8d6bf11c3cf21f
  subpackages:
  - googleapis/rpc/status
- name: google.golang.org/grpc
  version: 3c33c26290b747350f8650c7d38bcc51b42dc785
  subpackages:
  - codes
  - credentials
  - grpclb/grpc_lb_v1
  - grpclog
  - internal
  - keepalive
  - metadata
  - naming
  - peer
  - stats
  - status
  - tap
  - transport
- name: gopkg.in/gemnasium/logrus-airbrake-hook.v2
  version: bfee1239d796830ca346767650cce5ba90d58c57
- name: gopkg.in/redis.v4
  version: c938162545c57136fa59879746bc65d0f1db3d1e
- name: gopkg.in/redis.v5
  version: a16aeec10ff407b1e7be6dd35797ccf5426ef0f0
  subpackages:
  - internal
  - internal/consistenthash
  - internal/hashtag
  - internal/pool
  - internal/proto
- name: gopkg.in/vmihailenco/msgpack.v2
  version: f4f8982de4ef0de18be76456617cc3f5d8d8141e
  subpackages:
  - codes
- name: gopkg.in/yaml.v2
  version: cd8b52f8269e0feb286dfeef29f8fe4d5b397e0b
testImports:
- name: github.com/getlantern/bbrconn
  version: 9a5594c63329cf77582eccae41a8a75240a078fe
- name: github.com/getlantern/httptest
  version: 4b40f4c7e590b2afa94729ca7f738e0b14b13749
- name: github.com/getlantern/tcpinfo
  version: c475b171ec955019a7906187bf6f4011d7d791fe
- name: github.com/getlantern/tlsredis
  version: e14f04c41d2ecdeebd3481c0dbfa5c21c8666973
- name: github.com/gonum/blas
  version: 430a98d0f42f5d7b9a9535580771233386034848
  subpackages:
  - blas64
  - native
  - native/internal/math32
- name: github.com/gonum/floats
  version: a2cbc5c70616cd18491ef2843231f6ce28b2cb02
- name: github.com/gonum/internal
  version: 4c20688f849035792bcee8a94ec93b5c277c919f
  subpackages:
  - asm/f32
  - asm/f64
- name: github.com/gonum/lapack
  version: 219cfcc2cee77e21a618f07d65d14edbe4975c58
  subpackages:
  - lapack64
  - native
- name: github.com/gonum/matrix
  version: ab9a12e575daf11d6836be8dc10f46fa4ad8684e
  subpackages:
  - mat64
- name: github.com/gonum/stat
  version: 42a372f1f7b88cf8df268560cf6e21e6e249ce10
- name: github.com/mikioh/tcp
  version: f1d847c4c06bbfeabd47636817e2c8095f1340db
- name: github.com/mikioh/tcpopt
  version: 032b8eaf3844912fda93bef6ae3c6a27aacc160a
- name: github.com/pborman/uuid
  version: e790cca94e6cc75c7064b1332e63811d4aae1a53
- name: github.com/pmezard/go-difflib
  version: d8ed2627bdf02c080bf22230dbb337003b7aba2d
  subpackages:
  - difflib
- name: github.com/stretchr/testify
  version: f6abca593680b2315d2075e0f5e2a9751e3f431a
  subpackages:
  - assert
