# This file is autogenerated, do not edit; changes may be undone by the next 'dep ensure'.


[[projects]]
  branch = "master"
  name = "git.torproject.org/pluggable-transports/goptlib.git"
  packages = ["."]
  revision = "7d56ec4f381e8b1aedfda360594e35a5731b5337"

[[projects]]
  name = "git.torproject.org/pluggable-transports/obfs4.git"
  packages = [
    "common/csrand",
    "common/drbg",
    "common/ntor",
    "common/probdist",
    "common/replayfilter",
    "transports/base",
    "transports/obfs4",
    "transports/obfs4/framing"
  ]
  revision = "af4824cb0b2c36a0eba4bc1590eb0737302e992e"

[[projects]]
  branch = "master"
  name = "github.com/Yawning/chacha20"
  packages = ["."]
  revision = "e3b1f968fc6397b51d963fee8ec8711a47bc0ce8"

[[projects]]
  branch = "master"
  name = "github.com/agl/ed25519"
  packages = [
    "edwards25519",
    "extra25519"
  ]
  revision = "5312a61534124124185d41f09206b9fef1d88403"

[[projects]]
  name = "github.com/aristanetworks/goarista"
  packages = ["monotime"]
  revision = "bfd6294e8be0d922f04fadaa00b252228d30e3fd"

[[projects]]
  branch = "master"
  name = "github.com/armon/go-radix"
  packages = ["."]
  revision = "1fca145dffbcaa8fe914309b1ec0cfc67500fe61"

[[projects]]
  branch = "master"
  name = "github.com/blang/semver"
  packages = ["."]
  revision = "c5e971dbed7850a93c23aa6ff69db5771d8e23b3"

[[projects]]
  branch = "master"
  name = "github.com/davecgh/go-spew"
  packages = ["spew"]
  revision = "8991bc29aa16c548c550c7ff78260e27b9ab7c73"

[[projects]]
  name = "github.com/dchest/siphash"
  packages = ["."]
  revision = "4ebf1de738443ea7f45f02dc394c4df1942a126d"
  version = "v1.1.0"

[[projects]]
  name = "github.com/dustin/go-humanize"
  packages = ["."]
  revision = "bb3d318650d48840a39aa21a027c6630e198e626"

[[projects]]
  branch = "v0.1.1"
  name = "github.com/fatih/set"
  packages = ["."]
  revision = "168a5d71ba0669ae06888225478d73a113f1687e"

[[projects]]
  branch = "master"
  name = "github.com/getlantern/appdir"
  packages = ["."]
  revision = "7c0f9d241ea78ff68bf3aecfe2ea2009ff8500cf"

[[projects]]
  branch = "master"
  name = "github.com/getlantern/autoupdate"
  packages = ["."]
  revision = "33eb946ea4bcf107a87810143357facc64decf18"

[[projects]]
  branch = "master"
  name = "github.com/getlantern/bandwidth"
  packages = ["."]
  revision = "96de96fff16cf1aa844edc1b4a72c906add83180"

[[projects]]
  branch = "master"
  name = "github.com/getlantern/bbrconn"
  packages = ["."]
  revision = "9a5594c63329cf77582eccae41a8a75240a078fe"

[[projects]]
  name = "github.com/getlantern/borda"
  packages = ["client"]
  revision = "4d925212258106a9fbd7debb8019b95362be6eb6"

[[projects]]
  branch = "master"
  name = "github.com/getlantern/byteexec"
  packages = ["."]
  revision = "4cfb26ec74f460fda433dc06fddfbad7ddee3072"

[[projects]]
  name = "github.com/getlantern/bytemap"
  packages = ["."]
  revision = "ae8427dbf355130b32e5261c108917a630f7c36c"

[[projects]]
  branch = "master"
  name = "github.com/getlantern/cmux"
  packages = ["."]
  revision = "ee58cae565e4f208c7eb59cb2e70acf2230a1d12"

[[projects]]
  branch = "master"
  name = "github.com/getlantern/context"
  packages = ["."]
  revision = "624d99b1798d7c5375ea1d3ca4c5b04d58f7c775"

[[projects]]
  branch = "master"
  name = "github.com/getlantern/detour"
  packages = ["."]
  revision = "40ce261d3ba85a967570daa390627e5d0529baa0"

[[projects]]
  branch = "master"
  name = "github.com/getlantern/dns"
  packages = ["."]
  revision = "630ccc2c3041d6f4362479526ed229d222f21274"

[[projects]]
  branch = "master"
  name = "github.com/getlantern/dnsgrab"
  packages = ["."]
  revision = "227f729dcb41c2838b53575a48208d0b552ab6e8"

[[projects]]
  branch = "master"
  name = "github.com/getlantern/easylist"
  packages = ["."]
  revision = "42a110754e2c8027797aca3783609d846a8c1b56"

[[projects]]
  branch = "master"
  name = "github.com/getlantern/elevate"
  packages = [
    ".",
    "bin"
  ]
  revision = "c2e2e4901072d1f7e9f525426735acfab5fd9cdd"

[[projects]]
  branch = "master"
  name = "github.com/getlantern/ema"
  packages = ["."]
  revision = "d906ee7c3465210c328abbe6ea0f855db9db679c"

[[projects]]
  name = "github.com/getlantern/enhttp"
  packages = ["."]
  revision = "a0fc6a99dbea1d3c2784fd569351514201209267"

[[projects]]
  branch = "master"
  name = "github.com/getlantern/errors"
  packages = ["."]
  revision = "e9c0296368b736086adb20832549567064224854"

[[projects]]
  branch = "master"
  name = "github.com/getlantern/event"
  packages = ["."]
  revision = "f16a5563f52e98643050fed10e7f279437a195ee"

[[projects]]
  branch = "master"
  name = "github.com/getlantern/eventual"
  packages = ["."]
  revision = "84b02499361bd83c36db68d42f7d45aae760168e"

[[projects]]
  branch = "master"
  name = "github.com/getlantern/filepersist"
  packages = ["."]
  revision = "c5f0cd24e7991579ba6f5f1bd20a1ad2c9f06cd4"

[[projects]]
  branch = "master"
  name = "github.com/getlantern/fronted"
  packages = ["."]
  revision = "2083bbd8118e357d44354a22dc202a8c70e1560b"

[[projects]]
  branch = "master"
  name = "github.com/getlantern/geolookup"
  packages = ["."]
  revision = "823d7ff3e6eb74dd6aae38a4b52207b19abfbf66"

[[projects]]
  branch = "master"
  name = "github.com/getlantern/go-cache"
  packages = ["cache"]
  revision = "88b53914f4672fafe9069972c1867222ef02eea1"

[[projects]]
  branch = "master"
  name = "github.com/getlantern/go-socks5"
  packages = ["."]
  revision = "79d4dd3e2db581c4f31d170662ea44c454109a9c"

[[projects]]
  branch = "master"
  name = "github.com/getlantern/go-update"
  packages = [
    ".",
    "check",
    "download"
  ]
  revision = "d7c3f1ac97f868e6936ebd946df87f9826e57355"

[[projects]]
  branch = "master"
  name = "github.com/getlantern/goexpr"
  packages = [
    ".",
    "geo",
    "isp",
    "redis"
  ]
  revision = "610eae7c731492a5a32548ba652d7d998ce4400b"

[[projects]]
  branch = "master"
  name = "github.com/getlantern/golog"
  packages = ["."]
  revision = "cca714f7feb5df8e455f409b549d384441ac4578"

[[projects]]
  branch = "master"
  name = "github.com/getlantern/gowin"
  packages = ["."]
  revision = "88fa116ddffcff84b63f35044e2a49f6bdde71b9"

[[projects]]
  branch = "master"
  name = "github.com/getlantern/hex"
  packages = ["."]
  revision = "083fba3033ad473db3dd31c9bb368473d37581a7"

[[projects]]
  branch = "master"
  name = "github.com/getlantern/hidden"
  packages = ["."]
  revision = "d52a649ab33af200943bb599898dbdcfdbc94cb7"

[[projects]]
  branch = "master"
  name = "github.com/getlantern/http-proxy"
  packages = [
    "buffers",
    "listeners",
    "proxyfilters",
    "server"
  ]
  revision = "8f8c6ce1e943b07d9216279588118f428537e6f9"

[[projects]]
  branch = "master"
  name = "github.com/getlantern/http-proxy-lantern"
  packages = [
    ".",
    "analytics",
    "bbr",
    "blacklist",
    "borda",
    "common",
    "configserverfilter",
    "devicefilter",
    "diffserv",
    "geo",
    "googlefilter",
    "lampshade",
    "listeners",
    "mimic",
    "obfs4listener",
    "opsfilter",
    "ping",
    "redis",
    "throttle",
    "tlslistener",
    "tokenfilter",
    "usage",
    "versioncheck"
  ]
  revision = "ec887559a97a2c212c55dc64047f5b60f1fa0786"

[[projects]]
  branch = "master"
  name = "github.com/getlantern/httpseverywhere"
  packages = ["."]
  revision = "9bdb93e40695deb035a35f1ef7f2dfd8de7df2df"

[[projects]]
  branch = "master"
  name = "github.com/getlantern/i18n"
  packages = ["."]
  revision = "293a8dd143490b99a1fb1ae28cf1d421f10f296f"

[[projects]]
  branch = "master"
  name = "github.com/getlantern/idletiming"
  packages = ["."]
  revision = "7a71d2e71cf253f64b9610ce7aa9ddfc58aa9b2a"

[[projects]]
  branch = "master"
  name = "github.com/getlantern/iptool"
  packages = ["."]
  revision = "8723ea29ea42bdb85682c242b8e803aa6f05c9db"

[[projects]]
  branch = "master"
  name = "github.com/getlantern/jibber_jabber"
  packages = ["."]
  revision = "7346f98d2644252b9fc10b89af1f1858b2dc29b9"

[[projects]]
  branch = "master"
  name = "github.com/getlantern/kcp-go"
  packages = ["."]
  revision = "19559e0e938cb2af45ae30765c109f821da19b33"

[[projects]]
  branch = "master"
  name = "github.com/getlantern/kcpwrapper"
  packages = ["."]
  revision = "a35c895f6de73d94ca04369ac0c311cb8a97c0f2"

[[projects]]
  branch = "master"
  name = "github.com/getlantern/keyman"
  packages = [
    ".",
    "certimporter"
  ]
  revision = "f55e7280e93a8802a175e9c4beccad873f3fdf43"

[[projects]]
  branch = "master"
  name = "github.com/getlantern/lampshade"
  packages = ["."]
  revision = "f99876b04e42faf6ced1321b9218e7402f861efc"

[[projects]]
  branch = "master"
  name = "github.com/getlantern/launcher"
  packages = ["."]
  revision = "bc9fc3b11894e839c3fcb049f12e8974d7e48497"

[[projects]]
  branch = "master"
  name = "github.com/getlantern/measured"
  packages = ["."]
  revision = "0582bf799783fba9a890459155817f1cbcf00f17"

[[projects]]
  branch = "master"
  name = "github.com/getlantern/mitm"
  packages = ["."]
  revision = "4ce456bae6504e6a1dc8c835cd849cba166eb3d8"

[[projects]]
  branch = "master"
  name = "github.com/getlantern/mockconn"
  packages = ["."]
  revision = "422a5afd4432dd82b1389333d5352da003d898a6"

[[projects]]
  branch = "master"
  name = "github.com/getlantern/msgpack"
  packages = [
    ".",
    "codes"
  ]
  revision = "922e6dcf94043edab4e690df4aa2016117f92fb7"

[[projects]]
  branch = "master"
  name = "github.com/getlantern/mtime"
  packages = ["."]
  revision = "ba114e4a82b0d453c15c505073a5896453b5cbd2"

[[projects]]
  branch = "master"
  name = "github.com/getlantern/netx"
  packages = ["."]
  revision = "06a8a15aede91b4274bb0272108e16a4eabeca19"

[[projects]]
  branch = "master"
  name = "github.com/getlantern/notifier"
  packages = [
    ".",
    "osx",
    "win"
  ]
  revision = "9d71672e9d5d137e06fffc4ac957565cd90a628f"

[[projects]]
  branch = "master"
  name = "github.com/getlantern/ops"
  packages = ["."]
  revision = "37353306c90844c8e0591956f56611f46299d202"

[[projects]]
  branch = "master"
  name = "github.com/getlantern/osversion"
  packages = ["."]
  revision = "8f3fb296110c7f171058539e477851026fa30ce2"

[[projects]]
  branch = "master"
  name = "github.com/getlantern/preconn"
  packages = ["."]
  revision = "0b5766010efe7a5fd5c9c5675ed83ed167908418"

[[projects]]
  branch = "master"
  name = "github.com/getlantern/profiling"
  packages = ["."]
  revision = "2a15afbadcff99bac017e17af273b31d4510ddb8"

[[projects]]
  branch = "master"
  name = "github.com/getlantern/protected"
  packages = ["."]
  revision = "b0900930f8068ec3c024d6d022c16d75ddd8a163"

[[projects]]
  branch = "master"
  name = "github.com/getlantern/proxiedsites"
  packages = ["."]
  revision = "996122c1374578a85a536445d7d7ae88d3ee5a35"

[[projects]]
  branch = "master"
  name = "github.com/getlantern/proxy"
  packages = [
    ".",
    "filters"
  ]
  revision = "afe965b8c237b91043ad31beac695e3224c8c34e"

[[projects]]
  branch = "master"
  name = "github.com/getlantern/proxybench"
  packages = ["."]
  revision = "18dd26b439d63143a518b0dc58f1c907e98e2079"

[[projects]]
  branch = "master"
  name = "github.com/getlantern/reconn"
  packages = ["."]
  revision = "7053d017511c663a3fc3b3a367b57689b1b2fd9f"

[[projects]]
  branch = "master"
  name = "github.com/getlantern/rot13"
  packages = ["."]
  revision = "33f93fc1fe85c042c0667a1814e6379bd5e7eb40"

[[projects]]
  branch = "master"
  name = "github.com/getlantern/rotator"
  packages = ["."]
  revision = "013d4f8e36a2f6369b2435d89866056b5b74c69e"

[[projects]]
  branch = "master"
  name = "github.com/getlantern/shortcut"
  packages = ["."]
  revision = "08ded803cb4dbc6f4149ab0091847248f8976f57"

[[projects]]
  branch = "master"
  name = "github.com/getlantern/sqlparser"
  packages = [
    ".",
    "dependency/bson",
    "dependency/bytes2",
    "dependency/hack",
    "dependency/sqltypes"
  ]
  revision = "a879d8035f3cd754fdda965da8305bb9d04ec439"

[[projects]]
  branch = "master"
  name = "github.com/getlantern/stack"
  packages = ["."]
  revision = "02f928aad224fbccd50d66edd776fc9d1e9f2f2b"

[[projects]]
  branch = "master"
  name = "github.com/getlantern/sysproxy"
  packages = ["."]
  revision = "eb982eb140351544ca13cc91b6a992370320baa0"

[[projects]]
  branch = "master"
  name = "github.com/getlantern/systray"
  packages = ["."]
  revision = "9ddd647aedba71f782bef029a90964301de03480"

[[projects]]
  branch = "master"
  name = "github.com/getlantern/tarfs"
  packages = ["."]
  revision = "4987a6195239168b073bbe5878cf2b95b522934c"

[[projects]]
  branch = "master"
  name = "github.com/getlantern/tcpinfo"
  packages = ["."]
  revision = "c475b171ec955019a7906187bf6f4011d7d791fe"

[[projects]]
  branch = "master"
  name = "github.com/getlantern/tlsdefaults"
  packages = ["."]
  revision = "cf35cfd0b1b460b031536c9846ffcd5f7811dddb"

[[projects]]
  branch = "master"
  name = "github.com/getlantern/tlsdialer"
  packages = ["."]
  revision = "275d735df0fe7c62ef2020c26212a2edd84d46e7"

[[projects]]
  branch = "master"
  name = "github.com/getlantern/tlsredis"
  packages = ["."]
  revision = "5d4ed6dd3836cd7e1210a52da62ba4c4a923bfd7"

[[projects]]
  branch = "master"
  name = "github.com/getlantern/urlcache"
  packages = ["."]
  revision = "82187dd97f50f0ae304317ef18f36d67f81f5a83"

[[projects]]
  branch = "master"
  name = "github.com/getlantern/uuid"
  packages = ["."]
  revision = "1318e7614b82cd38041b0b0bd3692d71f3901fb8"

[[projects]]
  branch = "master"
  name = "github.com/getlantern/waitforserver"
  packages = ["."]
  revision = "381a5878bd8ecb7001c361f2d5dcc3358460aa3e"

[[projects]]
  branch = "master"
  name = "github.com/getlantern/wal"
  packages = ["."]
  revision = "028a06aadcb93566469b90c0765fd2c1354718cc"

[[projects]]
  branch = "master"
  name = "github.com/getlantern/wfilter"
  packages = ["."]
  revision = "69cc8585ee9c5b4e0b55110ea2c219921f954ba3"

[[projects]]
  branch = "master"
  name = "github.com/getlantern/winsvc"
  packages = ["winapi"]
  revision = "8bb3a5dbcc1dd85fbb701d3dc316bf5cc3d02689"

[[projects]]
  branch = "master"
  name = "github.com/getlantern/withtimeout"
  packages = ["."]
  revision = "511f017cd91361be75ad73fee96e466a5d790312"

[[projects]]
  name = "github.com/getlantern/yaml"
  packages = ["."]
  revision = "97d86b60f57eeca9d70c02763ed2565bafc17585"
  version = "v1"

[[projects]]
  name = "github.com/getlantern/zenodb"
  packages = [
    "bytetree",
    "common",
    "core",
    "encoding",
    "expr",
    "planner",
    "rpc",
    "sql"
  ]
  revision = "149af1c4059e3d7322eaa517949d83e7a780190a"

[[projects]]
  branch = "master"
  name = "github.com/golang/groupcache"
  packages = ["lru"]
  revision = "66deaeb636dff1ac7d938ce666d090556056a4b0"

[[projects]]
  branch = "master"
  name = "github.com/golang/protobuf"
  packages = [
    "proto",
    "ptypes",
    "ptypes/any",
    "ptypes/duration",
    "ptypes/timestamp"
  ]
  revision = "e09c5db296004fbe3f74490e84dcd62c3c5ddb1b"

[[projects]]
  branch = "master"
  name = "github.com/golang/snappy"
  packages = ["."]
  revision = "553a641470496b2327abcac10b36396bd98e45c9"

[[projects]]
  branch = "master"
  name = "github.com/gonum/blas"
  packages = [
    ".",
    "blas64",
    "native",
    "native/internal/math32"
  ]
  revision = "e7c5890b24cf6f3bb173f76e1bd71e80e887e3f9"

[[projects]]
  branch = "master"
  name = "github.com/gonum/floats"
  packages = ["."]
  revision = "7de1f4ea7ab57890bfd427af68c7994cd67975d4"

[[projects]]
  branch = "master"
  name = "github.com/gonum/internal"
  packages = [
    "asm/f32",
    "asm/f64"
  ]
  revision = "fda53f8d25717c07e2dac25758075a182bd74235"

[[projects]]
  branch = "master"
  name = "github.com/gonum/lapack"
  packages = [
    ".",
    "lapack64",
    "native"
  ]
  revision = "f0b8b25edeceafb3a2752941c7bf0cda962df112"

[[projects]]
  branch = "master"
  name = "github.com/gonum/matrix"
  packages = [
    ".",
    "mat64"
  ]
  revision = "a41cc49d4c29f7451775f4379a5cc6ec6239dfab"

[[projects]]
  branch = "master"
  name = "github.com/gonum/stat"
  packages = ["."]
  revision = "ec9c8a1062f4be6c6ad671f0f5dba12d4a76826d"

[[projects]]
  name = "github.com/gorilla/websocket"
  packages = ["."]
  revision = "eb925808374e5ca90c83401a40d711dc08c0c0f6"

[[projects]]
  branch = "master"
  name = "github.com/hashicorp/golang-lru"
  packages = [
    ".",
    "simplelru"
  ]
  revision = "0fb14efe8c47ae851c0034ed7a448854d3d34cf3"

[[projects]]
  branch = "master"
  name = "github.com/kardianos/osext"
  packages = ["."]
  revision = "ae77be60afb1dcacde03767a8c37337fad28ac14"

[[projects]]
  name = "github.com/keighl/mandrill"
  packages = ["."]
  revision = "5d7133fb578a9504f8ab549737c993422f65a000"
  version = "1.1.0"

[[projects]]
  branch = "master"
  name = "github.com/kr/binarydist"
  packages = ["."]
  revision = "3035450ff8b987ec4373f65c40767f096b35f2d2"

[[projects]]
  name = "github.com/mailgun/oxy"
  packages = ["forward"]
  revision = "3a0f6c4b456b7376a5b148e69e97f93f6366b613"

[[projects]]
  branch = "master"
  name = "github.com/miekg/dns"
  packages = ["."]
  revision = "01d59357d468872339068bcd5d55a00e2463051f"

[[projects]]
  branch = "master"
  name = "github.com/mikioh/tcp"
  packages = ["."]
  revision = "a2964c74d73b11ff68e6c9bfabb496cfe29a9a60"

[[projects]]
  branch = "master"
  name = "github.com/mikioh/tcpopt"
  packages = ["."]
  revision = "18f4a8218095cbd44df0d49c3dd91e7f2a3b12e0"

[[projects]]
  branch = "master"
  name = "github.com/mitchellh/go-homedir"
  packages = ["."]
  revision = "b8bc1bf767474819792c23f32d8286a45736f1c6"

[[projects]]
  branch = "master"
  name = "github.com/mitchellh/mapstructure"
  packages = ["."]
  revision = "00c29f56e2386353d58c599509e8dc3801b0d716"

[[projects]]
  branch = "master"
  name = "github.com/mitchellh/panicwrap"
  packages = ["."]
  revision = "fce601fe55579125e1b3cb0b992287e7290f7b83"

[[projects]]
  branch = "master"
  name = "github.com/mxk/go-flowrate"
  packages = ["flowrate"]
  revision = "cca7078d478f8520f85629ad7c68962d31ed7682"

[[projects]]
  name = "github.com/oschwald/geoip2-golang"
  packages = ["."]
  revision = "7118115686e16b77967cdbf55d1b944fe14ad312"
  version = "v1.2.1"

[[projects]]
  name = "github.com/oschwald/maxminddb-golang"
  packages = ["."]
  revision = "c5bec84d1963260297932a1b7a1753c8420717a7"
  version = "v1.3.0"

[[projects]]
  branch = "master"
  name = "github.com/oxtoacart/bpool"
  packages = ["."]
  revision = "4e1c5567d7c2dd59fa4c7c83d34c2f3528b025d6"

[[projects]]
  branch = "master"
  name = "github.com/pborman/uuid"
  packages = ["."]
  revision = "c65b2f87fee37d1c7854c9164a450713c28d50cd"

[[projects]]
  branch = "master"
  name = "github.com/pkg/errors"
  packages = ["."]
  revision = "816c9085562cd7ee03e7f8188a1cfd942858cded"

[[projects]]
  branch = "master"
  name = "github.com/pmezard/adblock"
  packages = ["adblock"]
  revision = "edfb97ad89cd57ae8675175539a55aceaf2a05d3"

[[projects]]
  name = "github.com/pmezard/go-difflib"
  packages = ["difflib"]
  revision = "792786c7400a136282c1664665ae0a8db921c6c2"
  version = "v1.0.0"

[[projects]]
  name = "github.com/sirupsen/logrus"
  packages = ["."]
  revision = "c155da19408a8799da419ed3eeb0cb5db0ad5dbc"
  version = "v1.0.5"

[[projects]]
  branch = "master"
  name = "github.com/skratchdot/open-golang"
  packages = ["open"]
  revision = "75fb7ed4208cf72d323d7d02fd1a5964a7a9073c"

[[projects]]
  name = "github.com/stretchr/testify"
  packages = ["assert"]
  revision = "69483b4bd14f5845b5a1e55bca19e954e827f1d0"
  version = "v1.1.4"

[[projects]]
  branch = "master"
  name = "github.com/templexxx/cpufeat"
  packages = ["."]
  revision = "3794dfbfb04749f896b521032f69383f24c3687e"

[[projects]]
  branch = "master"
  name = "github.com/templexxx/reedsolomon"
  packages = ["."]
  revision = "7092926d7d05c415fabb892b1464a03f8228ab80"

[[projects]]
  name = "github.com/templexxx/xor"
  packages = ["."]
  revision = "0af8e873c554da75f37f2049cdffda804533d44c"
  version = "0.1.2"

[[projects]]
  branch = "master"
  name = "github.com/tevino/abool"
  packages = ["."]
  revision = "9b9efcf221b50905aab9bbabd3daed56dc10f339"

[[projects]]
  branch = "master"
  name = "github.com/tjfoc/gmsm"
  packages = ["sm4"]
  revision = "0effa9db1ba81e1a21d70ab611ee2bab9424531a"

[[projects]]
  name = "github.com/vulcand/oxy"
  packages = ["utils"]
  revision = "3a0f6c4b456b7376a5b148e69e97f93f6366b613"

[[projects]]
  name = "github.com/xtaci/smux"
  packages = ["."]
  revision = "e28719eede1ac5714cf0b06ba2f403125864ebe0"
  version = "v1.0.7"

[[projects]]
  branch = "master"
  name = "github.com/xwb1989/sqlparser"
  packages = ["dependency/hack"]
  revision = "da747e0c62c4e145ebd7484cf69f92c0dd192305"

[[projects]]
  branch = "master"
  name = "golang.org/x/crypto"
  packages = [
    "blowfish",
    "cast5",
    "chacha20poly1305",
    "curve25519",
    "ed25519",
    "ed25519/internal/edwards25519",
    "hkdf",
    "internal/chacha20",
    "nacl/secretbox",
    "pbkdf2",
    "poly1305",
    "salsa20",
    "salsa20/salsa",
    "ssh/terminal",
    "tea",
    "twofish",
    "xtea"
  ]
  revision = "2b6c08872f4b66da917bb4ce98df4f0307330f78"

[[projects]]
  name = "golang.org/x/net"
  packages = [
    "bpf",
    "context",
    "http2",
    "http2/hpack",
    "idna",
    "internal/iana",
    "internal/socket",
    "internal/socks",
    "internal/timeseries",
    "ipv4",
    "ipv6",
    "lex/httplex",
    "proxy",
    "trace"
  ]
  revision = "61147c48b25b599e5b561d2e9c4f3e1ef489ca41"
  source = "https://github.com/golang/net"

[[projects]]
  name = "golang.org/x/sys"
  packages = [
    "unix",
    "windows"
  ]
  revision = "3b87a42e500a6dc65dae1a55d0b641295971163e"

[[projects]]
  name = "golang.org/x/text"
  packages = [
    "collate",
    "collate/build",
    "internal/colltab",
    "internal/gen",
    "internal/language",
    "internal/language/compact",
    "internal/tag",
    "internal/triegen",
    "internal/ucd",
    "language",
    "secure/bidirule",
    "transform",
    "unicode/bidi",
    "unicode/cldr",
    "unicode/norm",
    "unicode/rangetable"
  ]
  revision = "2cb43934f0eece38629746959acc633cba083fe4"

[[projects]]
  branch = "master"
  name = "google.golang.org/appengine"
  packages = [
    ".",
    "datastore",
    "internal",
    "internal/app_identity",
    "internal/base",
    "internal/datastore",
    "internal/log",
    "internal/modules",
    "internal/remote_api"
  ]
  revision = "0a24098c0ec68416ec050f567f75df563d6b231e"

[[projects]]
  name = "google.golang.org/genproto"
  packages = ["googleapis/rpc/status"]
  revision = "aae13d27a44d62f039eeeb93e74e893886673932"

[[projects]]
  name = "google.golang.org/grpc"
  packages = [
    ".",
    "balancer",
    "balancer/base",
    "balancer/roundrobin",
    "codes",
    "connectivity",
    "credentials",
    "encoding",
    "encoding/proto",
    "grpclb/grpc_lb_v1/messages",
    "grpclog",
    "internal",
    "keepalive",
    "metadata",
    "naming",
    "peer",
    "resolver",
    "resolver/dns",
    "resolver/passthrough",
    "stats",
    "status",
    "tap",
    "transport"
  ]
  revision = "30fb59a4304034ce78ff68e21bd25776b1d79488"

[[projects]]
  name = "gopkg.in/redis.v5"
  packages = [
    ".",
    "internal",
    "internal/consistenthash",
    "internal/hashtag",
    "internal/pool",
    "internal/proto"
  ]
  revision = "a16aeec10ff407b1e7be6dd35797ccf5426ef0f0"
  version = "v5.2.9"

[solve-meta]
  analyzer-name = "dep"
  analyzer-version = 1
  inputs-digest = "bbdbcfe3c0929d8df5005f874b95f8de173925107740c01f602c1c50bc5b0d4a"
  solver-name = "gps-cdcl"
  solver-version = 1
