// !$*UTF8*$!
{
	archiveVersion = 1;
	classes = {
	};
	objectVersion = 52;
	objects = {

/* Begin PBXBuildFile section */
		F00F591C26BADAD000B4178F /* Lanternsdk.xcframework in Frameworks */ = {isa = PBXBuildFile; fileRef = F00F591B26BADAD000B4178F /* Lanternsdk.xcframework */; };
		F00F591D26BADAD000B4178F /* Lanternsdk.xcframework in Frameworks */ = {isa = PBXBuildFile; fileRef = F00F591B26BADAD000B4178F /* Lanternsdk.xcframework */; };
		F0AFBEEA26B45ACA00AA7EAF /* Tests_iOS.swift in Sources */ = {isa = PBXBuildFile; fileRef = F0AFBEE926B45ACA00AA7EAF /* Tests_iOS.swift */; };
		F0AFBEF526B45ACA00AA7EAF /* Tests_macOS.swift in Sources */ = {isa = PBXBuildFile; fileRef = F0AFBEF426B45ACA00AA7EAF /* Tests_macOS.swift */; };
		F0AFBEF726B45ACA00AA7EAF /* TestAppApp.swift in Sources */ = {isa = PBXBuildFile; fileRef = F0AFBECE26B45AC900AA7EAF /* TestAppApp.swift */; };
		F0AFBEF826B45ACA00AA7EAF /* TestAppApp.swift in Sources */ = {isa = PBXBuildFile; fileRef = F0AFBECE26B45AC900AA7EAF /* TestAppApp.swift */; };
		F0AFBEF926B45ACA00AA7EAF /* ContentView.swift in Sources */ = {isa = PBXBuildFile; fileRef = F0AFBECF26B45AC900AA7EAF /* ContentView.swift */; };
		F0AFBEFA26B45ACA00AA7EAF /* ContentView.swift in Sources */ = {isa = PBXBuildFile; fileRef = F0AFBECF26B45AC900AA7EAF /* ContentView.swift */; };
		F0AFBEFB26B45ACA00AA7EAF /* Assets.xcassets in Resources */ = {isa = PBXBuildFile; fileRef = F0AFBED026B45ACA00AA7EAF /* Assets.xcassets */; };
		F0AFBEFC26B45ACA00AA7EAF /* Assets.xcassets in Resources */ = {isa = PBXBuildFile; fileRef = F0AFBED026B45ACA00AA7EAF /* Assets.xcassets */; };
/* End PBXBuildFile section */

/* Begin PBXContainerItemProxy section */
		F0AFBEE626B45ACA00AA7EAF /* PBXContainerItemProxy */ = {
			isa = PBXContainerItemProxy;
			containerPortal = F0AFBEC926B45AC900AA7EAF /* Project object */;
			proxyType = 1;
			remoteGlobalIDString = F0AFBED426B45ACA00AA7EAF;
			remoteInfo = "TestApp (iOS)";
		};
		F0AFBEF126B45ACA00AA7EAF /* PBXContainerItemProxy */ = {
			isa = PBXContainerItemProxy;
			containerPortal = F0AFBEC926B45AC900AA7EAF /* Project object */;
			proxyType = 1;
			remoteGlobalIDString = F0AFBEDC26B45ACA00AA7EAF;
			remoteInfo = "TestApp (macOS)";
		};
/* End PBXContainerItemProxy section */

/* Begin PBXCopyFilesBuildPhase section */
		F0A0D3EF26B835E800DDF5EB /* Embed Frameworks */ = {
			isa = PBXCopyFilesBuildPhase;
			buildActionMask = 2147483647;
			dstPath = "";
			dstSubfolderSpec = 10;
			files = (
			);
			name = "Embed Frameworks";
			runOnlyForDeploymentPostprocessing = 0;
		};
/* End PBXCopyFilesBuildPhase section */

/* Begin PBXFileReference section */
		F00F591B26BADAD000B4178F /* Lanternsdk.xcframework */ = {isa = PBXFileReference; lastKnownFileType = wrapper.xcframework; name = Lanternsdk.xcframework; path = ../../Lanternsdk.xcframework; sourceTree = "<group>"; };
		F0AFBECE26B45AC900AA7EAF /* TestAppApp.swift */ = {isa = PBXFileReference; lastKnownFileType = sourcecode.swift; path = TestAppApp.swift; sourceTree = "<group>"; };
		F0AFBECF26B45AC900AA7EAF /* ContentView.swift */ = {isa = PBXFileReference; lastKnownFileType = sourcecode.swift; path = ContentView.swift; sourceTree = "<group>"; };
		F0AFBED026B45ACA00AA7EAF /* Assets.xcassets */ = {isa = PBXFileReference; lastKnownFileType = folder.assetcatalog; path = Assets.xcassets; sourceTree = "<group>"; };
		F0AFBED526B45ACA00AA7EAF /* TestApp.app */ = {isa = PBXFileReference; explicitFileType = wrapper.application; includeInIndex = 0; path = TestApp.app; sourceTree = BUILT_PRODUCTS_DIR; };
		F0AFBED826B45ACA00AA7EAF /* Info.plist */ = {isa = PBXFileReference; lastKnownFileType = text.plist.xml; path = Info.plist; sourceTree = "<group>"; };
		F0AFBEDD26B45ACA00AA7EAF /* TestApp.app */ = {isa = PBXFileReference; explicitFileType = wrapper.application; includeInIndex = 0; path = TestApp.app; sourceTree = BUILT_PRODUCTS_DIR; };
		F0AFBEDF26B45ACA00AA7EAF /* Info.plist */ = {isa = PBXFileReference; lastKnownFileType = text.plist.xml; path = Info.plist; sourceTree = "<group>"; };
		F0AFBEE026B45ACA00AA7EAF /* macOS.entitlements */ = {isa = PBXFileReference; lastKnownFileType = text.plist.entitlements; path = macOS.entitlements; sourceTree = "<group>"; };
		F0AFBEE526B45ACA00AA7EAF /* Tests iOS.xctest */ = {isa = PBXFileReference; explicitFileType = wrapper.cfbundle; includeInIndex = 0; path = "Tests iOS.xctest"; sourceTree = BUILT_PRODUCTS_DIR; };
		F0AFBEE926B45ACA00AA7EAF /* Tests_iOS.swift */ = {isa = PBXFileReference; lastKnownFileType = sourcecode.swift; path = Tests_iOS.swift; sourceTree = "<group>"; };
		F0AFBEEB26B45ACA00AA7EAF /* Info.plist */ = {isa = PBXFileReference; lastKnownFileType = text.plist.xml; path = Info.plist; sourceTree = "<group>"; };
		F0AFBEF026B45ACA00AA7EAF /* Tests macOS.xctest */ = {isa = PBXFileReference; explicitFileType = wrapper.cfbundle; includeInIndex = 0; path = "Tests macOS.xctest"; sourceTree = BUILT_PRODUCTS_DIR; };
		F0AFBEF426B45ACA00AA7EAF /* Tests_macOS.swift */ = {isa = PBXFileReference; lastKnownFileType = sourcecode.swift; path = Tests_macOS.swift; sourceTree = "<group>"; };
		F0AFBEF626B45ACA00AA7EAF /* Info.plist */ = {isa = PBXFileReference; lastKnownFileType = text.plist.xml; path = Info.plist; sourceTree = "<group>"; };
/* End PBXFileReference section */

/* Begin PBXFrameworksBuildPhase section */
		F0AFBED226B45ACA00AA7EAF /* Frameworks */ = {
			isa = PBXFrameworksBuildPhase;
			buildActionMask = 2147483647;
			files = (
				F00F591C26BADAD000B4178F /* Lanternsdk.xcframework in Frameworks */,
			);
			runOnlyForDeploymentPostprocessing = 0;
		};
		F0AFBEDA26B45ACA00AA7EAF /* Frameworks */ = {
			isa = PBXFrameworksBuildPhase;
			buildActionMask = 2147483647;
			files = (
			);
			runOnlyForDeploymentPostprocessing = 0;
		};
		F0AFBEE226B45ACA00AA7EAF /* Frameworks */ = {
			isa = PBXFrameworksBuildPhase;
			buildActionMask = 2147483647;
			files = (
				F00F591D26BADAD000B4178F /* Lanternsdk.xcframework in Frameworks */,
			);
			runOnlyForDeploymentPostprocessing = 0;
		};
		F0AFBEED26B45ACA00AA7EAF /* Frameworks */ = {
			isa = PBXFrameworksBuildPhase;
			buildActionMask = 2147483647;
			files = (
			);
			runOnlyForDeploymentPostprocessing = 0;
		};
/* End PBXFrameworksBuildPhase section */

/* Begin PBXGroup section */
		F0A0E9B126B9659B00DDF5EB /* Frameworks */ = {
			isa = PBXGroup;
			children = (
			);
			name = Frameworks;
			sourceTree = "<group>";
		};
		F0AFBEC826B45AC900AA7EAF = {
			isa = PBXGroup;
			children = (
				F00F591B26BADAD000B4178F /* Lanternsdk.xcframework */,
				F0AFBECD26B45AC900AA7EAF /* Shared */,
				F0AFBED726B45ACA00AA7EAF /* iOS */,
				F0AFBEDE26B45ACA00AA7EAF /* macOS */,
				F0AFBEE826B45ACA00AA7EAF /* Tests iOS */,
				F0AFBEF326B45ACA00AA7EAF /* Tests macOS */,
				F0AFBED626B45ACA00AA7EAF /* Products */,
				F0A0E9B126B9659B00DDF5EB /* Frameworks */,
			);
			sourceTree = "<group>";
		};
		F0AFBECD26B45AC900AA7EAF /* Shared */ = {
			isa = PBXGroup;
			children = (
				F0AFBECE26B45AC900AA7EAF /* TestAppApp.swift */,
				F0AFBECF26B45AC900AA7EAF /* ContentView.swift */,
				F0AFBED026B45ACA00AA7EAF /* Assets.xcassets */,
			);
			path = Shared;
			sourceTree = "<group>";
		};
		F0AFBED626B45ACA00AA7EAF /* Products */ = {
			isa = PBXGroup;
			children = (
				F0AFBED526B45ACA00AA7EAF /* TestApp.app */,
				F0AFBEDD26B45ACA00AA7EAF /* TestApp.app */,
				F0AFBEE526B45ACA00AA7EAF /* Tests iOS.xctest */,
				F0AFBEF026B45ACA00AA7EAF /* Tests macOS.xctest */,
			);
			name = Products;
			sourceTree = "<group>";
		};
		F0AFBED726B45ACA00AA7EAF /* iOS */ = {
			isa = PBXGroup;
			children = (
				F0AFBED826B45ACA00AA7EAF /* Info.plist */,
			);
			path = iOS;
			sourceTree = "<group>";
		};
		F0AFBEDE26B45ACA00AA7EAF /* macOS */ = {
			isa = PBXGroup;
			children = (
				F0AFBEDF26B45ACA00AA7EAF /* Info.plist */,
				F0AFBEE026B45ACA00AA7EAF /* macOS.entitlements */,
			);
			path = macOS;
			sourceTree = "<group>";
		};
		F0AFBEE826B45ACA00AA7EAF /* Tests iOS */ = {
			isa = PBXGroup;
			children = (
				F0AFBEE926B45ACA00AA7EAF /* Tests_iOS.swift */,
				F0AFBEEB26B45ACA00AA7EAF /* Info.plist */,
			);
			path = "Tests iOS";
			sourceTree = "<group>";
		};
		F0AFBEF326B45ACA00AA7EAF /* Tests macOS */ = {
			isa = PBXGroup;
			children = (
				F0AFBEF426B45ACA00AA7EAF /* Tests_macOS.swift */,
				F0AFBEF626B45ACA00AA7EAF /* Info.plist */,
			);
			path = "Tests macOS";
			sourceTree = "<group>";
		};
/* End PBXGroup section */

/* Begin PBXNativeTarget section */
		F0AFBED426B45ACA00AA7EAF /* TestApp (iOS) */ = {
			isa = PBXNativeTarget;
			buildConfigurationList = F0AFBEFF26B45ACA00AA7EAF /* Build configuration list for PBXNativeTarget "TestApp (iOS)" */;
			buildPhases = (
				F0AFBED126B45ACA00AA7EAF /* Sources */,
				F0AFBED226B45ACA00AA7EAF /* Frameworks */,
				F0AFBED326B45ACA00AA7EAF /* Resources */,
				F0A0D3EF26B835E800DDF5EB /* Embed Frameworks */,
			);
			buildRules = (
			);
			dependencies = (
			);
			name = "TestApp (iOS)";
			packageProductDependencies = (
			);
			productName = "TestApp (iOS)";
			productReference = F0AFBED526B45ACA00AA7EAF /* TestApp.app */;
			productType = "com.apple.product-type.application";
		};
		F0AFBEDC26B45ACA00AA7EAF /* TestApp (macOS) */ = {
			isa = PBXNativeTarget;
			buildConfigurationList = F0AFBF0226B45ACA00AA7EAF /* Build configuration list for PBXNativeTarget "TestApp (macOS)" */;
			buildPhases = (
				F0AFBED926B45ACA00AA7EAF /* Sources */,
				F0AFBEDA26B45ACA00AA7EAF /* Frameworks */,
				F0AFBEDB26B45ACA00AA7EAF /* Resources */,
			);
			buildRules = (
			);
			dependencies = (
			);
			name = "TestApp (macOS)";
			productName = "TestApp (macOS)";
			productReference = F0AFBEDD26B45ACA00AA7EAF /* TestApp.app */;
			productType = "com.apple.product-type.application";
		};
		F0AFBEE426B45ACA00AA7EAF /* Tests iOS */ = {
			isa = PBXNativeTarget;
			buildConfigurationList = F0AFBF0526B45ACA00AA7EAF /* Build configuration list for PBXNativeTarget "Tests iOS" */;
			buildPhases = (
				F0AFBEE126B45ACA00AA7EAF /* Sources */,
				F0AFBEE226B45ACA00AA7EAF /* Frameworks */,
				F0AFBEE326B45ACA00AA7EAF /* Resources */,
			);
			buildRules = (
			);
			dependencies = (
				F0AFBEE726B45ACA00AA7EAF /* PBXTargetDependency */,
			);
			name = "Tests iOS";
			productName = "Tests iOS";
			productReference = F0AFBEE526B45ACA00AA7EAF /* Tests iOS.xctest */;
			productType = "com.apple.product-type.bundle.ui-testing";
		};
		F0AFBEEF26B45ACA00AA7EAF /* Tests macOS */ = {
			isa = PBXNativeTarget;
			buildConfigurationList = F0AFBF0826B45ACA00AA7EAF /* Build configuration list for PBXNativeTarget "Tests macOS" */;
			buildPhases = (
				F0AFBEEC26B45ACA00AA7EAF /* Sources */,
				F0AFBEED26B45ACA00AA7EAF /* Frameworks */,
				F0AFBEEE26B45ACA00AA7EAF /* Resources */,
			);
			buildRules = (
			);
			dependencies = (
				F0AFBEF226B45ACA00AA7EAF /* PBXTargetDependency */,
			);
			name = "Tests macOS";
			productName = "Tests macOS";
			productReference = F0AFBEF026B45ACA00AA7EAF /* Tests macOS.xctest */;
			productType = "com.apple.product-type.bundle.ui-testing";
		};
/* End PBXNativeTarget section */

/* Begin PBXProject section */
		F0AFBEC926B45AC900AA7EAF /* Project object */ = {
			isa = PBXProject;
			attributes = {
				LastSwiftUpdateCheck = 1250;
				LastUpgradeCheck = 1250;
				TargetAttributes = {
					F0AFBED426B45ACA00AA7EAF = {
						CreatedOnToolsVersion = 12.5.1;
					};
					F0AFBEDC26B45ACA00AA7EAF = {
						CreatedOnToolsVersion = 12.5.1;
					};
					F0AFBEE426B45ACA00AA7EAF = {
						CreatedOnToolsVersion = 12.5.1;
						TestTargetID = F0AFBED426B45ACA00AA7EAF;
					};
					F0AFBEEF26B45ACA00AA7EAF = {
						CreatedOnToolsVersion = 12.5.1;
						TestTargetID = F0AFBEDC26B45ACA00AA7EAF;
					};
				};
			};
			buildConfigurationList = F0AFBECC26B45AC900AA7EAF /* Build configuration list for PBXProject "TestApp" */;
			compatibilityVersion = "Xcode 9.3";
			developmentRegion = en;
			hasScannedForEncodings = 0;
			knownRegions = (
				en,
				Base,
			);
			mainGroup = F0AFBEC826B45AC900AA7EAF;
			packageReferences = (
			);
			productRefGroup = F0AFBED626B45ACA00AA7EAF /* Products */;
			projectDirPath = "";
			projectRoot = "";
			targets = (
				F0AFBED426B45ACA00AA7EAF /* TestApp (iOS) */,
				F0AFBEDC26B45ACA00AA7EAF /* TestApp (macOS) */,
				F0AFBEE426B45ACA00AA7EAF /* Tests iOS */,
				F0AFBEEF26B45ACA00AA7EAF /* Tests macOS */,
			);
		};
/* End PBXProject section */

/* Begin PBXResourcesBuildPhase section */
		F0AFBED326B45ACA00AA7EAF /* Resources */ = {
			isa = PBXResourcesBuildPhase;
			buildActionMask = 2147483647;
			files = (
				F0AFBEFB26B45ACA00AA7EAF /* Assets.xcassets in Resources */,
			);
			runOnlyForDeploymentPostprocessing = 0;
		};
		F0AFBEDB26B45ACA00AA7EAF /* Resources */ = {
			isa = PBXResourcesBuildPhase;
			buildActionMask = 2147483647;
			files = (
				F0AFBEFC26B45ACA00AA7EAF /* Assets.xcassets in Resources */,
			);
			runOnlyForDeploymentPostprocessing = 0;
		};
		F0AFBEE326B45ACA00AA7EAF /* Resources */ = {
			isa = PBXResourcesBuildPhase;
			buildActionMask = 2147483647;
			files = (
			);
			runOnlyForDeploymentPostprocessing = 0;
		};
		F0AFBEEE26B45ACA00AA7EAF /* Resources */ = {
			isa = PBXResourcesBuildPhase;
			buildActionMask = 2147483647;
			files = (
			);
			runOnlyForDeploymentPostprocessing = 0;
		};
/* End PBXResourcesBuildPhase section */

/* Begin PBXSourcesBuildPhase section */
		F0AFBED126B45ACA00AA7EAF /* Sources */ = {
			isa = PBXSourcesBuildPhase;
			buildActionMask = 2147483647;
			files = (
				F0AFBEF926B45ACA00AA7EAF /* ContentView.swift in Sources */,
				F0AFBEF726B45ACA00AA7EAF /* TestAppApp.swift in Sources */,
			);
			runOnlyForDeploymentPostprocessing = 0;
		};
		F0AFBED926B45ACA00AA7EAF /* Sources */ = {
			isa = PBXSourcesBuildPhase;
			buildActionMask = 2147483647;
			files = (
				F0AFBEFA26B45ACA00AA7EAF /* ContentView.swift in Sources */,
				F0AFBEF826B45ACA00AA7EAF /* TestAppApp.swift in Sources */,
			);
			runOnlyForDeploymentPostprocessing = 0;
		};
		F0AFBEE126B45ACA00AA7EAF /* Sources */ = {
			isa = PBXSourcesBuildPhase;
			buildActionMask = 2147483647;
			files = (
				F0AFBEEA26B45ACA00AA7EAF /* Tests_iOS.swift in Sources */,
			);
			runOnlyForDeploymentPostprocessing = 0;
		};
		F0AFBEEC26B45ACA00AA7EAF /* Sources */ = {
			isa = PBXSourcesBuildPhase;
			buildActionMask = 2147483647;
			files = (
				F0AFBEF526B45ACA00AA7EAF /* Tests_macOS.swift in Sources */,
			);
			runOnlyForDeploymentPostprocessing = 0;
		};
/* End PBXSourcesBuildPhase section */

/* Begin PBXTargetDependency section */
		F0AFBEE726B45ACA00AA7EAF /* PBXTargetDependency */ = {
			isa = PBXTargetDependency;
			target = F0AFBED426B45ACA00AA7EAF /* TestApp (iOS) */;
			targetProxy = F0AFBEE626B45ACA00AA7EAF /* PBXContainerItemProxy */;
		};
		F0AFBEF226B45ACA00AA7EAF /* PBXTargetDependency */ = {
			isa = PBXTargetDependency;
			target = F0AFBEDC26B45ACA00AA7EAF /* TestApp (macOS) */;
			targetProxy = F0AFBEF126B45ACA00AA7EAF /* PBXContainerItemProxy */;
		};
/* End PBXTargetDependency section */

/* Begin XCBuildConfiguration section */
		F0AFBEFD26B45ACA00AA7EAF /* Debug */ = {
			isa = XCBuildConfiguration;
			buildSettings = {
				ALWAYS_SEARCH_USER_PATHS = NO;
				CLANG_ANALYZER_NONNULL = YES;
				CLANG_ANALYZER_NUMBER_OBJECT_CONVERSION = YES_AGGRESSIVE;
				CLANG_CXX_LANGUAGE_STANDARD = "gnu++14";
				CLANG_CXX_LIBRARY = "libc++";
				CLANG_ENABLE_MODULES = YES;
				CLANG_ENABLE_OBJC_ARC = YES;
				CLANG_ENABLE_OBJC_WEAK = YES;
				CLANG_WARN_BLOCK_CAPTURE_AUTORELEASING = YES;
				CLANG_WARN_BOOL_CONVERSION = YES;
				CLANG_WARN_COMMA = YES;
				CLANG_WARN_CONSTANT_CONVERSION = YES;
				CLANG_WARN_DEPRECATED_OBJC_IMPLEMENTATIONS = YES;
				CLANG_WARN_DIRECT_OBJC_ISA_USAGE = YES_ERROR;
				CLANG_WARN_DOCUMENTATION_COMMENTS = YES;
				CLANG_WARN_EMPTY_BODY = YES;
				CLANG_WARN_ENUM_CONVERSION = YES;
				CLANG_WARN_INFINITE_RECURSION = YES;
				CLANG_WARN_INT_CONVERSION = YES;
				CLANG_WARN_NON_LITERAL_NULL_CONVERSION = YES;
				CLANG_WARN_OBJC_IMPLICIT_RETAIN_SELF = YES;
				CLANG_WARN_OBJC_LITERAL_CONVERSION = YES;
				CLANG_WARN_OBJC_ROOT_CLASS = YES_ERROR;
				CLANG_WARN_QUOTED_INCLUDE_IN_FRAMEWORK_HEADER = YES;
				CLANG_WARN_RANGE_LOOP_ANALYSIS = YES;
				CLANG_WARN_STRICT_PROTOTYPES = YES;
				CLANG_WARN_SUSPICIOUS_MOVE = YES;
				CLANG_WARN_UNGUARDED_AVAILABILITY = YES_AGGRESSIVE;
				CLANG_WARN_UNREACHABLE_CODE = YES;
				CLANG_WARN__DUPLICATE_METHOD_MATCH = YES;
				COPY_PHASE_STRIP = NO;
				DEBUG_INFORMATION_FORMAT = dwarf;
				ENABLE_STRICT_OBJC_MSGSEND = YES;
				ENABLE_TESTABILITY = YES;
				GCC_C_LANGUAGE_STANDARD = gnu11;
				GCC_DYNAMIC_NO_PIC = NO;
				GCC_NO_COMMON_BLOCKS = YES;
				GCC_OPTIMIZATION_LEVEL = 0;
				GCC_PREPROCESSOR_DEFINITIONS = (
					"DEBUG=1",
					"$(inherited)",
				);
				GCC_WARN_64_TO_32_BIT_CONVERSION = YES;
				GCC_WARN_ABOUT_RETURN_TYPE = YES_ERROR;
				GCC_WARN_UNDECLARED_SELECTOR = YES;
				GCC_WARN_UNINITIALIZED_AUTOS = YES_AGGRESSIVE;
				GCC_WARN_UNUSED_FUNCTION = YES;
				GCC_WARN_UNUSED_VARIABLE = YES;
				MTL_ENABLE_DEBUG_INFO = INCLUDE_SOURCE;
				MTL_FAST_MATH = YES;
				ONLY_ACTIVE_ARCH = YES;
				SWIFT_ACTIVE_COMPILATION_CONDITIONS = DEBUG;
				SWIFT_OPTIMIZATION_LEVEL = "-Onone";
			};
			name = Debug;
		};
		F0AFBEFE26B45ACA00AA7EAF /* Release */ = {
			isa = XCBuildConfiguration;
			buildSettings = {
				ALWAYS_SEARCH_USER_PATHS = NO;
				CLANG_ANALYZER_NONNULL = YES;
				CLANG_ANALYZER_NUMBER_OBJECT_CONVERSION = YES_AGGRESSIVE;
				CLANG_CXX_LANGUAGE_STANDARD = "gnu++14";
				CLANG_CXX_LIBRARY = "libc++";
				CLANG_ENABLE_MODULES = YES;
				CLANG_ENABLE_OBJC_ARC = YES;
				CLANG_ENABLE_OBJC_WEAK = YES;
				CLANG_WARN_BLOCK_CAPTURE_AUTORELEASING = YES;
				CLANG_WARN_BOOL_CONVERSION = YES;
				CLANG_WARN_COMMA = YES;
				CLANG_WARN_CONSTANT_CONVERSION = YES;
				CLANG_WARN_DEPRECATED_OBJC_IMPLEMENTATIONS = YES;
				CLANG_WARN_DIRECT_OBJC_ISA_USAGE = YES_ERROR;
				CLANG_WARN_DOCUMENTATION_COMMENTS = YES;
				CLANG_WARN_EMPTY_BODY = YES;
				CLANG_WARN_ENUM_CONVERSION = YES;
				CLANG_WARN_INFINITE_RECURSION = YES;
				CLANG_WARN_INT_CONVERSION = YES;
				CLANG_WARN_NON_LITERAL_NULL_CONVERSION = YES;
				CLANG_WARN_OBJC_IMPLICIT_RETAIN_SELF = YES;
				CLANG_WARN_OBJC_LITERAL_CONVERSION = YES;
				CLANG_WARN_OBJC_ROOT_CLASS = YES_ERROR;
				CLANG_WARN_QUOTED_INCLUDE_IN_FRAMEWORK_HEADER = YES;
				CLANG_WARN_RANGE_LOOP_ANALYSIS = YES;
				CLANG_WARN_STRICT_PROTOTYPES = YES;
				CLANG_WARN_SUSPICIOUS_MOVE = YES;
				CLANG_WARN_UNGUARDED_AVAILABILITY = YES_AGGRESSIVE;
				CLANG_WARN_UNREACHABLE_CODE = YES;
				CLANG_WARN__DUPLICATE_METHOD_MATCH = YES;
				COPY_PHASE_STRIP = NO;
				DEBUG_INFORMATION_FORMAT = "dwarf-with-dsym";
				ENABLE_NS_ASSERTIONS = NO;
				ENABLE_STRICT_OBJC_MSGSEND = YES;
				GCC_C_LANGUAGE_STANDARD = gnu11;
				GCC_NO_COMMON_BLOCKS = YES;
				GCC_WARN_64_TO_32_BIT_CONVERSION = YES;
				GCC_WARN_ABOUT_RETURN_TYPE = YES_ERROR;
				GCC_WARN_UNDECLARED_SELECTOR = YES;
				GCC_WARN_UNINITIALIZED_AUTOS = YES_AGGRESSIVE;
				GCC_WARN_UNUSED_FUNCTION = YES;
				GCC_WARN_UNUSED_VARIABLE = YES;
				MTL_ENABLE_DEBUG_INFO = NO;
				MTL_FAST_MATH = YES;
				SWIFT_COMPILATION_MODE = wholemodule;
				SWIFT_OPTIMIZATION_LEVEL = "-O";
			};
			name = Release;
		};
		F0AFBF0026B45ACA00AA7EAF /* Debug */ = {
			isa = XCBuildConfiguration;
			buildSettings = {
				ASSETCATALOG_COMPILER_APPICON_NAME = AppIcon;
				ASSETCATALOG_COMPILER_GLOBAL_ACCENT_COLOR_NAME = AccentColor;
				CODE_SIGN_STYLE = Automatic;
				DEVELOPMENT_TEAM = 4FYC28AXA2;
				ENABLE_PREVIEWS = YES;
				FRAMEWORK_SEARCH_PATHS = (
					"$(inherited)",
					"$(PROJECT_DIR)",
				);
				INFOPLIST_FILE = iOS/Info.plist;
				IPHONEOS_DEPLOYMENT_TARGET = 14.0;
				LD_RUNPATH_SEARCH_PATHS = (
					"$(inherited)",
					"@executable_path/Frameworks",
				);
				PRODUCT_BUNDLE_IDENTIFIER = io.lantern.TestApp;
				PRODUCT_NAME = TestApp;
				SDKROOT = iphoneos;
				SWIFT_VERSION = 5.0;
				TARGETED_DEVICE_FAMILY = "1,2";
			};
			name = Debug;
		};
		F0AFBF0126B45ACA00AA7EAF /* Release */ = {
			isa = XCBuildConfiguration;
			buildSettings = {
				ASSETCATALOG_COMPILER_APPICON_NAME = AppIcon;
				ASSETCATALOG_COMPILER_GLOBAL_ACCENT_COLOR_NAME = AccentColor;
				CODE_SIGN_STYLE = Automatic;
				DEVELOPMENT_TEAM = 4FYC28AXA2;
				ENABLE_PREVIEWS = YES;
				FRAMEWORK_SEARCH_PATHS = (
					"$(inherited)",
					"$(PROJECT_DIR)",
				);
				INFOPLIST_FILE = iOS/Info.plist;
				IPHONEOS_DEPLOYMENT_TARGET = 14.0;
				LD_RUNPATH_SEARCH_PATHS = (
					"$(inherited)",
					"@executable_path/Frameworks",
				);
				PRODUCT_BUNDLE_IDENTIFIER = io.lantern.TestApp;
				PRODUCT_NAME = TestApp;
				SDKROOT = iphoneos;
				SWIFT_VERSION = 5.0;
				TARGETED_DEVICE_FAMILY = "1,2";
				VALIDATE_PRODUCT = YES;
			};
			name = Release;
		};
		F0AFBF0326B45ACA00AA7EAF /* Debug */ = {
			isa = XCBuildConfiguration;
			buildSettings = {
				ASSETCATALOG_COMPILER_APPICON_NAME = AppIcon;
				ASSETCATALOG_COMPILER_GLOBAL_ACCENT_COLOR_NAME = AccentColor;
				CODE_SIGN_ENTITLEMENTS = macOS/macOS.entitlements;
				CODE_SIGN_STYLE = Automatic;
				COMBINE_HIDPI_IMAGES = YES;
				DEVELOPMENT_TEAM = 4FYC28AXA2;
				ENABLE_HARDENED_RUNTIME = YES;
				ENABLE_PREVIEWS = YES;
				INFOPLIST_FILE = macOS/Info.plist;
				LD_RUNPATH_SEARCH_PATHS = (
					"$(inherited)",
					"@executable_path/../Frameworks",
				);
				MACOSX_DEPLOYMENT_TARGET = 11.0;
				PRODUCT_BUNDLE_IDENTIFIER = io.lantern.TestApp;
				PRODUCT_NAME = TestApp;
				SDKROOT = macosx;
				SWIFT_VERSION = 5.0;
			};
			name = Debug;
		};
		F0AFBF0426B45ACA00AA7EAF /* Release */ = {
			isa = XCBuildConfiguration;
			buildSettings = {
				ASSETCATALOG_COMPILER_APPICON_NAME = AppIcon;
				ASSETCATALOG_COMPILER_GLOBAL_ACCENT_COLOR_NAME = AccentColor;
				CODE_SIGN_ENTITLEMENTS = macOS/macOS.entitlements;
				CODE_SIGN_STYLE = Automatic;
				COMBINE_HIDPI_IMAGES = YES;
				DEVELOPMENT_TEAM = 4FYC28AXA2;
				ENABLE_HARDENED_RUNTIME = YES;
				ENABLE_PREVIEWS = YES;
				INFOPLIST_FILE = macOS/Info.plist;
				LD_RUNPATH_SEARCH_PATHS = (
					"$(inherited)",
					"@executable_path/../Frameworks",
				);
				MACOSX_DEPLOYMENT_TARGET = 11.0;
				PRODUCT_BUNDLE_IDENTIFIER = io.lantern.TestApp;
				PRODUCT_NAME = TestApp;
				SDKROOT = macosx;
				SWIFT_VERSION = 5.0;
			};
			name = Release;
		};
		F0AFBF0626B45ACA00AA7EAF /* Debug */ = {
			isa = XCBuildConfiguration;
			buildSettings = {
				ALWAYS_EMBED_SWIFT_STANDARD_LIBRARIES = YES;
				CODE_SIGN_STYLE = Automatic;
				DEVELOPMENT_TEAM = 4FYC28AXA2;
				INFOPLIST_FILE = "Tests iOS/Info.plist";
				IPHONEOS_DEPLOYMENT_TARGET = 14.5;
				LD_RUNPATH_SEARCH_PATHS = (
					"$(inherited)",
					"@executable_path/Frameworks",
					"@loader_path/Frameworks",
				);
				PRODUCT_BUNDLE_IDENTIFIER = "io.lantern.Tests-iOS";
				PRODUCT_NAME = "$(TARGET_NAME)";
				SDKROOT = iphoneos;
				SWIFT_VERSION = 5.0;
				TARGETED_DEVICE_FAMILY = "1,2";
				TEST_TARGET_NAME = "TestApp (iOS)";
			};
			name = Debug;
		};
		F0AFBF0726B45ACA00AA7EAF /* Release */ = {
			isa = XCBuildConfiguration;
			buildSettings = {
				ALWAYS_EMBED_SWIFT_STANDARD_LIBRARIES = YES;
				CODE_SIGN_STYLE = Automatic;
				DEVELOPMENT_TEAM = 4FYC28AXA2;
				INFOPLIST_FILE = "Tests iOS/Info.plist";
				IPHONEOS_DEPLOYMENT_TARGET = 14.5;
				LD_RUNPATH_SEARCH_PATHS = (
					"$(inherited)",
					"@executable_path/Frameworks",
					"@loader_path/Frameworks",
				);
				PRODUCT_BUNDLE_IDENTIFIER = "io.lantern.Tests-iOS";
				PRODUCT_NAME = "$(TARGET_NAME)";
				SDKROOT = iphoneos;
				SWIFT_VERSION = 5.0;
				TARGETED_DEVICE_FAMILY = "1,2";
				TEST_TARGET_NAME = "TestApp (iOS)";
				VALIDATE_PRODUCT = YES;
			};
			name = Release;
		};
		F0AFBF0926B45ACA00AA7EAF /* Debug */ = {
			isa = XCBuildConfiguration;
			buildSettings = {
				ALWAYS_EMBED_SWIFT_STANDARD_LIBRARIES = YES;
				CODE_SIGN_STYLE = Automatic;
				COMBINE_HIDPI_IMAGES = YES;
				DEVELOPMENT_TEAM = 4FYC28AXA2;
				INFOPLIST_FILE = "Tests macOS/Info.plist";
				LD_RUNPATH_SEARCH_PATHS = (
					"$(inherited)",
					"@executable_path/../Frameworks",
					"@loader_path/../Frameworks",
				);
				MACOSX_DEPLOYMENT_TARGET = 11.3;
				PRODUCT_BUNDLE_IDENTIFIER = "io.lantern.Tests-macOS";
				PRODUCT_NAME = "$(TARGET_NAME)";
				SDKROOT = macosx;
				SWIFT_VERSION = 5.0;
				TEST_TARGET_NAME = "TestApp (macOS)";
			};
			name = Debug;
		};
		F0AFBF0A26B45ACA00AA7EAF /* Release */ = {
			isa = XCBuildConfiguration;
			buildSettings = {
				ALWAYS_EMBED_SWIFT_STANDARD_LIBRARIES = YES;
				CODE_SIGN_STYLE = Automatic;
				COMBINE_HIDPI_IMAGES = YES;
				DEVELOPMENT_TEAM = 4FYC28AXA2;
				INFOPLIST_FILE = "Tests macOS/Info.plist";
				LD_RUNPATH_SEARCH_PATHS = (
					"$(inherited)",
					"@executable_path/../Frameworks",
					"@loader_path/../Frameworks",
				);
				MACOSX_DEPLOYMENT_TARGET = 11.3;
				PRODUCT_BUNDLE_IDENTIFIER = "io.lantern.Tests-macOS";
				PRODUCT_NAME = "$(TARGET_NAME)";
				SDKROOT = macosx;
				SWIFT_VERSION = 5.0;
				TEST_TARGET_NAME = "TestApp (macOS)";
			};
			name = Release;
		};
/* End XCBuildConfiguration section */

/* Begin XCConfigurationList section */
		F0AFBECC26B45AC900AA7EAF /* Build configuration list for PBXProject "TestApp" */ = {
			isa = XCConfigurationList;
			buildConfigurations = (
				F0AFBEFD26B45ACA00AA7EAF /* Debug */,
				F0AFBEFE26B45ACA00AA7EAF /* Release */,
			);
			defaultConfigurationIsVisible = 0;
			defaultConfigurationName = Release;
		};
		F0AFBEFF26B45ACA00AA7EAF /* Build configuration list for PBXNativeTarget "TestApp (iOS)" */ = {
			isa = XCConfigurationList;
			buildConfigurations = (
				F0AFBF0026B45ACA00AA7EAF /* Debug */,
				F0AFBF0126B45ACA00AA7EAF /* Release */,
			);
			defaultConfigurationIsVisible = 0;
			defaultConfigurationName = Release;
		};
		F0AFBF0226B45ACA00AA7EAF /* Build configuration list for PBXNativeTarget "TestApp (macOS)" */ = {
			isa = XCConfigurationList;
			buildConfigurations = (
				F0AFBF0326B45ACA00AA7EAF /* Debug */,
				F0AFBF0426B45ACA00AA7EAF /* Release */,
			);
			defaultConfigurationIsVisible = 0;
			defaultConfigurationName = Release;
		};
		F0AFBF0526B45ACA00AA7EAF /* Build configuration list for PBXNativeTarget "Tests iOS" */ = {
			isa = XCConfigurationList;
			buildConfigurations = (
				F0AFBF0626B45ACA00AA7EAF /* Debug */,
				F0AFBF0726B45ACA00AA7EAF /* Release */,
			);
			defaultConfigurationIsVisible = 0;
			defaultConfigurationName = Release;
		};
		F0AFBF0826B45ACA00AA7EAF /* Build configuration list for PBXNativeTarget "Tests macOS" */ = {
			isa = XCConfigurationList;
			buildConfigurations = (
				F0AFBF0926B45ACA00AA7EAF /* Debug */,
				F0AFBF0A26B45ACA00AA7EAF /* Release */,
			);
			defaultConfigurationIsVisible = 0;
			defaultConfigurationName = Release;
		};
/* End XCConfigurationList section */
	};
	rootObject = F0AFBEC926B45AC900AA7EAF /* Project object */;
}
